<?xml version="1.0" encoding="utf-8"?>
<Project ToolsVersion="4.0" xmlns="http://schemas.microsoft.com/developer/msbuild/2003">
  <ItemGroup>
    <Filter Include="win32">
      <UniqueIdentifier>{84a8ebd7-7cf0-47f6-b75e-d441df67da40}</UniqueIdentifier>
    </Filter>
    <Filter Include="resource">
      <UniqueIdentifier>{715254bc-d70b-4ec5-bf29-467dd3ace079}</UniqueIdentifier>
    </Filter>
    <Filter Include="src">
      <UniqueIdentifier>{bb6c862e-70e9-49d9-81b7-3829a6f50471}</UniqueIdentifier>
    </Filter>
  </ItemGroup>
  <ItemGroup>
    <ClCompile Include="main.cpp">
      <Filter>win32</Filter>
    </ClCompile>
    <ClCompile Include="..\Classes\AppDelegate.cpp">
      <Filter>src</Filter>
    </ClCompile>
    <ClCompile Include="..\Classes\Window1.cpp">
      <Filter>src</Filter>
    </ClCompile>
    <ClCompile Include="..\Classes\Window2.cpp">
      <Filter>src</Filter>
    </ClCompile>
    <ClCompile Include="..\Classes\MenuScene.cpp">
      <Filter>src</Filter>
    </ClCompile>
    <ClCompile Include="..\Classes\BasicsScene.cpp">
      <Filter>src</Filter>
    </ClCompile>
    <ClCompile Include="..\Classes\TransitionDemoScene.cpp">
      <Filter>src</Filter>
    </ClCompile>
    <ClCompile Include="..\Classes\VirtualListScene.cpp">
      <Filter>src</Filter>
    </ClCompile>
    <ClCompile Include="..\Classes\MailItem.cpp">
      <Filter>src</Filter>
    </ClCompile>
    <ClCompile Include="..\Classes\LoopListScene.cpp">
      <Filter>src</Filter>
    </ClCompile>
    <ClCompile Include="..\Classes\HitTestScene.cpp">
      <Filter>src</Filter>
    </ClCompile>
    <ClCompile Include="..\Classes\PullToRefreshScene.cpp">
      <Filter>src</Filter>
    </ClCompile>
    <ClCompile Include="..\Classes\DemoScene.cpp">
      <Filter>src</Filter>
    </ClCompile>
    <ClCompile Include="..\Classes\ModalWaitingScene.cpp">
      <Filter>src</Filter>
    </ClCompile>
    <ClCompile Include="..\Classes\JoystickScene.cpp">
      <Filter>src</Filter>
    </ClCompile>
    <ClCompile Include="..\Classes\JoystickModule.cpp">
      <Filter>src</Filter>
    </ClCompile>
    <ClCompile Include="..\Classes\GuideScene.cpp">
      <Filter>src</Filter>
    </ClCompile>
    <ClCompile Include="..\Classes\BagScene.cpp">
      <Filter>src</Filter>
    </ClCompile>
    <ClCompile Include="..\Classes\BagWindow.cpp">
      <Filter>src</Filter>
    </ClCompile>
    <ClCompile Include="..\Classes\ChatScene.cpp">
      <Filter>src</Filter>
    </ClCompile>
    <ClCompile Include="..\Classes\EmojiParser.cpp">
      <Filter>src</Filter>
    </ClCompile>
    <ClCompile Include="..\Classes\ListEffectScene.cpp">
      <Filter>src</Filter>
    </ClCompile>
    <ClCompile Include="..\Classes\ScrollPaneScene.cpp">
      <Filter>src</Filter>
    </ClCompile>
    <ClCompile Include="..\Classes\TreeViewScene.cpp">
      <Filter>src</Filter>
    </ClCompile>
    <ClCompile Include="..\Classes\CooldownScene.cpp">
      <Filter>src</Filter>
    </ClCompile>
  </ItemGroup>
  <ItemGroup>
    <ClInclude Include="main.h">
      <Filter>win32</Filter>
    </ClInclude>
    <ClInclude Include="..\Classes\AppDelegate.h">
      <Filter>src</Filter>
    </ClInclude>
    <ClInclude Include="..\Classes\Window1.h">
      <Filter>src</Filter>
    </ClInclude>
    <ClInclude Include="..\Classes\Window2.h">
      <Filter>src</Filter>
    </ClInclude>
    <ClInclude Include="..\Classes\MenuScene.h">
      <Filter>src</Filter>
    </ClInclude>
    <ClInclude Include="..\Classes\BasicsScene.h">
      <Filter>src</Filter>
    </ClInclude>
    <ClInclude Include="..\Classes\TransitionDemoScene.h">
      <Filter>src</Filter>
    </ClInclude>
    <ClInclude Include="..\Classes\VirtualListScene.h">
      <Filter>src</Filter>
    </ClInclude>
    <ClInclude Include="..\Classes\MailItem.h">
      <Filter>src</Filter>
    </ClInclude>
    <ClInclude Include="..\Classes\LoopListScene.h">
      <Filter>src</Filter>
    </ClInclude>
    <ClInclude Include="..\Classes\HitTestScene.h">
      <Filter>src</Filter>
    </ClInclude>
    <ClInclude Include="..\Classes\PullToRefreshScene.h">
      <Filter>src</Filter>
    </ClInclude>
    <ClInclude Include="..\Classes\DemoScene.h">
      <Filter>src</Filter>
    </ClInclude>
    <ClInclude Include="..\Classes\ModalWaitingScene.h">
      <Filter>src</Filter>
    </ClInclude>
    <ClInclude Include="..\Classes\JoystickScene.h">
      <Filter>src</Filter>
    </ClInclude>
    <ClInclude Include="..\Classes\JoystickModule.h">
      <Filter>src</Filter>
    </ClInclude>
    <ClInclude Include="..\Classes\GuideScene.h">
      <Filter>src</Filter>
    </ClInclude>
    <ClInclude Include="..\Classes\BagScene.h">
      <Filter>src</Filter>
    </ClInclude>
    <ClInclude Include="..\Classes\BagWindow.h">
      <Filter>src</Filter>
    </ClInclude>
    <ClInclude Include="..\Classes\ChatScene.h">
      <Filter>src</Filter>
    </ClInclude>
    <ClInclude Include="..\Classes\EmojiParser.h">
      <Filter>src</Filter>
    </ClInclude>
    <ClInclude Include="..\Classes\ListEffectScene.h">
      <Filter>src</Filter>
    </ClInclude>
    <ClInclude Include="..\Classes\ScrollPaneScene.h">
      <Filter>src</Filter>
    </ClInclude>
    <ClInclude Include="..\Classes\TreeViewScene.h">
      <Filter>src</Filter>
    </ClInclude>
    <ClInclude Include="..\Classes\CooldownScene.h">
      <Filter>src</Filter>
    </ClInclude>
  </ItemGroup>
  <ItemGroup>
    <ResourceCompile Include="game.rc">
      <Filter>resource</Filter>
    </ResourceCompile>
  </ItemGroup>
</Project>