// !$*UTF8*$!
{
	archiveVersion = 1;
	classes = {
	};
	objectVersion = 46;
	objects = {

/* Begin PBXBuildFile section */
		445402B01FB3E9E400869375 /* Controller.cpp in Sources */ = {isa = PBXBuildFile; fileRef = 445402391FB3E9E400869375 /* Controller.cpp */; };
		445402B21FB3E9E400869375 /* BitmapFont.cpp in Sources */ = {isa = PBXBuildFile; fileRef = 4454023E1FB3E9E400869375 /* BitmapFont.cpp */; };
		445402B31FB3E9E400869375 /* FUIContainer.cpp in Sources */ = {isa = PBXBuildFile; fileRef = 445402401FB3E9E400869375 /* FUIContainer.cpp */; };
		445402B41FB3E9E400869375 /* FUILabel.cpp in Sources */ = {isa = PBXBuildFile; fileRef = 445402421FB3E9E400869375 /* FUILabel.cpp */; };
		445402B51FB3E9E400869375 /* FUIRichText.cpp in Sources */ = {isa = PBXBuildFile; fileRef = 445402441FB3E9E400869375 /* FUIRichText.cpp */; };
		445402B61FB3E9E400869375 /* FUISprite.cpp in Sources */ = {isa = PBXBuildFile; fileRef = 445402461FB3E9E400869375 /* FUISprite.cpp */; };
		445402B71FB3E9E400869375 /* DragDropManager.cpp in Sources */ = {isa = PBXBuildFile; fileRef = 445402481FB3E9E400869375 /* DragDropManager.cpp */; };
		445402B81FB3E9E400869375 /* EventContext.cpp in Sources */ = {isa = PBXBuildFile; fileRef = 4454024B1FB3E9E400869375 /* EventContext.cpp */; };
		445402B91FB3E9E400869375 /* HitTest.cpp in Sources */ = {isa = PBXBuildFile; fileRef = 4454024D1FB3E9E400869375 /* HitTest.cpp */; };
		445402BA1FB3E9E400869375 /* InputEvent.cpp in Sources */ = {isa = PBXBuildFile; fileRef = 4454024F1FB3E9E400869375 /* InputEvent.cpp */; };
		445402BB1FB3E9E400869375 /* InputProcessor.cpp in Sources */ = {isa = PBXBuildFile; fileRef = 445402511FB3E9E400869375 /* InputProcessor.cpp */; };
		445402BC1FB3E9E400869375 /* UIEventDispatcher.cpp in Sources */ = {isa = PBXBuildFile; fileRef = 445402531FB3E9E400869375 /* UIEventDispatcher.cpp */; };
		445402BD1FB3E9E400869375 /* GButton.cpp in Sources */ = {isa = PBXBuildFile; fileRef = 445402591FB3E9E400869375 /* GButton.cpp */; };
		445402BE1FB3E9E400869375 /* GComboBox.cpp in Sources */ = {isa = PBXBuildFile; fileRef = 4454025B1FB3E9E400869375 /* GComboBox.cpp */; };
		445402BF1FB3E9E400869375 /* GComponent.cpp in Sources */ = {isa = PBXBuildFile; fileRef = 4454025D1FB3E9E400869375 /* GComponent.cpp */; };
		445402C01FB3E9E400869375 /* GearAnimation.cpp in Sources */ = {isa = PBXBuildFile; fileRef = 445402601FB3E9E400869375 /* GearAnimation.cpp */; };
		445402C11FB3E9E400869375 /* GearBase.cpp in Sources */ = {isa = PBXBuildFile; fileRef = 445402621FB3E9E400869375 /* GearBase.cpp */; };
		445402C21FB3E9E400869375 /* GearColor.cpp in Sources */ = {isa = PBXBuildFile; fileRef = 445402641FB3E9E400869375 /* GearColor.cpp */; };
		445402C31FB3E9E400869375 /* GearDisplay.cpp in Sources */ = {isa = PBXBuildFile; fileRef = 445402661FB3E9E400869375 /* GearDisplay.cpp */; };
		445402C41FB3E9E400869375 /* GearIcon.cpp in Sources */ = {isa = PBXBuildFile; fileRef = 445402681FB3E9E400869375 /* GearIcon.cpp */; };
		445402C51FB3E9E400869375 /* GearLook.cpp in Sources */ = {isa = PBXBuildFile; fileRef = 4454026A1FB3E9E400869375 /* GearLook.cpp */; };
		445402C61FB3E9E400869375 /* GearSize.cpp in Sources */ = {isa = PBXBuildFile; fileRef = 4454026C1FB3E9E400869375 /* GearSize.cpp */; };
		445402C71FB3E9E400869375 /* GearText.cpp in Sources */ = {isa = PBXBuildFile; fileRef = 4454026E1FB3E9E400869375 /* GearText.cpp */; };
		445402C81FB3E9E400869375 /* GearXY.cpp in Sources */ = {isa = PBXBuildFile; fileRef = 445402701FB3E9E400869375 /* GearXY.cpp */; };
		445402C91FB3E9E400869375 /* GGraph.cpp in Sources */ = {isa = PBXBuildFile; fileRef = 445402721FB3E9E400869375 /* GGraph.cpp */; };
		445402CA1FB3E9E400869375 /* GGroup.cpp in Sources */ = {isa = PBXBuildFile; fileRef = 445402741FB3E9E400869375 /* GGroup.cpp */; };
		445402CB1FB3E9E400869375 /* GImage.cpp in Sources */ = {isa = PBXBuildFile; fileRef = 445402761FB3E9E400869375 /* GImage.cpp */; };
		445402CC1FB3E9E400869375 /* GLabel.cpp in Sources */ = {isa = PBXBuildFile; fileRef = 445402781FB3E9E400869375 /* GLabel.cpp */; };
		445402CD1FB3E9E400869375 /* GList.cpp in Sources */ = {isa = PBXBuildFile; fileRef = 4454027A1FB3E9E400869375 /* GList.cpp */; };
		445402CE1FB3E9E400869375 /* GLoader.cpp in Sources */ = {isa = PBXBuildFile; fileRef = 4454027C1FB3E9E400869375 /* GLoader.cpp */; };
		445402CF1FB3E9E400869375 /* GMovieClip.cpp in Sources */ = {isa = PBXBuildFile; fileRef = 4454027E1FB3E9E400869375 /* GMovieClip.cpp */; };
		445402D01FB3E9E400869375 /* GObject.cpp in Sources */ = {isa = PBXBuildFile; fileRef = 445402801FB3E9E400869375 /* GObject.cpp */; };
		445402D11FB3E9E400869375 /* GObjectPool.cpp in Sources */ = {isa = PBXBuildFile; fileRef = 445402821FB3E9E400869375 /* GObjectPool.cpp */; };
		445402D21FB3E9E400869375 /* GProgressBar.cpp in Sources */ = {isa = PBXBuildFile; fileRef = 445402841FB3E9E400869375 /* GProgressBar.cpp */; };
		445402D31FB3E9E400869375 /* GRichTextField.cpp in Sources */ = {isa = PBXBuildFile; fileRef = 445402861FB3E9E400869375 /* GRichTextField.cpp */; };
		445402D41FB3E9E400869375 /* GRoot.cpp in Sources */ = {isa = PBXBuildFile; fileRef = 445402881FB3E9E400869375 /* GRoot.cpp */; };
		445402D51FB3E9E400869375 /* GScrollBar.cpp in Sources */ = {isa = PBXBuildFile; fileRef = 4454028A1FB3E9E400869375 /* GScrollBar.cpp */; };
		445402D61FB3E9E400869375 /* GSlider.cpp in Sources */ = {isa = PBXBuildFile; fileRef = 4454028C1FB3E9E400869375 /* GSlider.cpp */; };
		445402D71FB3E9E400869375 /* GTextField.cpp in Sources */ = {isa = PBXBuildFile; fileRef = 4454028E1FB3E9E400869375 /* GTextField.cpp */; };
		445402D81FB3E9E400869375 /* GTextInput.cpp in Sources */ = {isa = PBXBuildFile; fileRef = 445402901FB3E9E400869375 /* GTextInput.cpp */; };
		445402D91FB3E9E400869375 /* Margin.cpp in Sources */ = {isa = PBXBuildFile; fileRef = 445402921FB3E9E400869375 /* Margin.cpp */; };
		445402DA1FB3E9E400869375 /* PackageItem.cpp in Sources */ = {isa = PBXBuildFile; fileRef = 445402941FB3E9E400869375 /* PackageItem.cpp */; };
		445402DB1FB3E9E400869375 /* PopupMenu.cpp in Sources */ = {isa = PBXBuildFile; fileRef = 445402961FB3E9E400869375 /* PopupMenu.cpp */; };
		445402DC1FB3E9E400869375 /* RelationItem.cpp in Sources */ = {isa = PBXBuildFile; fileRef = 445402981FB3E9E400869375 /* RelationItem.cpp */; };
		445402DD1FB3E9E400869375 /* Relations.cpp in Sources */ = {isa = PBXBuildFile; fileRef = 4454029A1FB3E9E400869375 /* Relations.cpp */; };
		445402DE1FB3E9E400869375 /* ScrollPane.cpp in Sources */ = {isa = PBXBuildFile; fileRef = 4454029C1FB3E9E400869375 /* ScrollPane.cpp */; };
		445402DF1FB3E9E400869375 /* Transition.cpp in Sources */ = {isa = PBXBuildFile; fileRef = 4454029E1FB3E9E400869375 /* Transition.cpp */; };
		445402E01FB3E9E400869375 /* UIConfig.cpp in Sources */ = {isa = PBXBuildFile; fileRef = 445402A01FB3E9E400869375 /* UIConfig.cpp */; };
		445402E11FB3E9E400869375 /* UIObjectFactory.cpp in Sources */ = {isa = PBXBuildFile; fileRef = 445402A21FB3E9E400869375 /* UIObjectFactory.cpp */; };
		445402E21FB3E9E400869375 /* UIPackage.cpp in Sources */ = {isa = PBXBuildFile; fileRef = 445402A41FB3E9E400869375 /* UIPackage.cpp */; };
		445402E41FB3E9E400869375 /* ToolSet.cpp in Sources */ = {isa = PBXBuildFile; fileRef = 445402AA1FB3E9E400869375 /* ToolSet.cpp */; };
		445402E51FB3E9E400869375 /* UBBParser.cpp in Sources */ = {isa = PBXBuildFile; fileRef = 445402AC1FB3E9E400869375 /* UBBParser.cpp */; };
		445402E61FB3E9E400869375 /* Window.cpp in Sources */ = {isa = PBXBuildFile; fileRef = 445402AE1FB3E9E400869375 /* Window.cpp */; };
		445402FB1FB3EFFA00869375 /* libfairygui_MAC.hpp in Headers */ = {isa = PBXBuildFile; fileRef = 445402FA1FB3EFFA00869375 /* libfairygui_MAC.hpp */; };
		445402FD1FB3EFFA00869375 /* libfairygui_MACPriv.hpp in Headers */ = {isa = PBXBuildFile; fileRef = 445402FC1FB3EFFA00869375 /* libfairygui_MACPriv.hpp */; };
		445402FF1FB3EFFA00869375 /* libfairygui_MAC.cpp in Sources */ = {isa = PBXBuildFile; fileRef = 445402FE1FB3EFFA00869375 /* libfairygui_MAC.cpp */; };
		445403761FB4098900869375 /* Controller.cpp in Sources */ = {isa = PBXBuildFile; fileRef = 445402391FB3E9E400869375 /* Controller.cpp */; };
		445403781FB4098900869375 /* BitmapFont.cpp in Sources */ = {isa = PBXBuildFile; fileRef = 4454023E1FB3E9E400869375 /* BitmapFont.cpp */; };
		445403791FB4098900869375 /* FUIContainer.cpp in Sources */ = {isa = PBXBuildFile; fileRef = 445402401FB3E9E400869375 /* FUIContainer.cpp */; };
		4454037A1FB4098900869375 /* FUILabel.cpp in Sources */ = {isa = PBXBuildFile; fileRef = 445402421FB3E9E400869375 /* FUILabel.cpp */; };
		4454037B1FB4098900869375 /* FUIRichText.cpp in Sources */ = {isa = PBXBuildFile; fileRef = 445402441FB3E9E400869375 /* FUIRichText.cpp */; };
		4454037C1FB4098900869375 /* FUISprite.cpp in Sources */ = {isa = PBXBuildFile; fileRef = 445402461FB3E9E400869375 /* FUISprite.cpp */; };
		4454037D1FB4098900869375 /* DragDropManager.cpp in Sources */ = {isa = PBXBuildFile; fileRef = 445402481FB3E9E400869375 /* DragDropManager.cpp */; };
		4454037E1FB4098900869375 /* EventContext.cpp in Sources */ = {isa = PBXBuildFile; fileRef = 4454024B1FB3E9E400869375 /* EventContext.cpp */; };
		4454037F1FB4098900869375 /* HitTest.cpp in Sources */ = {isa = PBXBuildFile; fileRef = 4454024D1FB3E9E400869375 /* HitTest.cpp */; };
		445403801FB4098900869375 /* InputEvent.cpp in Sources */ = {isa = PBXBuildFile; fileRef = 4454024F1FB3E9E400869375 /* InputEvent.cpp */; };
		445403811FB4098900869375 /* InputProcessor.cpp in Sources */ = {isa = PBXBuildFile; fileRef = 445402511FB3E9E400869375 /* InputProcessor.cpp */; };
		445403821FB4098900869375 /* UIEventDispatcher.cpp in Sources */ = {isa = PBXBuildFile; fileRef = 445402531FB3E9E400869375 /* UIEventDispatcher.cpp */; };
		445403831FB4098900869375 /* GButton.cpp in Sources */ = {isa = PBXBuildFile; fileRef = 445402591FB3E9E400869375 /* GButton.cpp */; };
		445403841FB4098900869375 /* GComboBox.cpp in Sources */ = {isa = PBXBuildFile; fileRef = 4454025B1FB3E9E400869375 /* GComboBox.cpp */; };
		445403851FB4098900869375 /* GComponent.cpp in Sources */ = {isa = PBXBuildFile; fileRef = 4454025D1FB3E9E400869375 /* GComponent.cpp */; };
		445403861FB4098900869375 /* GearAnimation.cpp in Sources */ = {isa = PBXBuildFile; fileRef = 445402601FB3E9E400869375 /* GearAnimation.cpp */; };
		445403871FB4098900869375 /* GearBase.cpp in Sources */ = {isa = PBXBuildFile; fileRef = 445402621FB3E9E400869375 /* GearBase.cpp */; };
		445403881FB4098900869375 /* GearColor.cpp in Sources */ = {isa = PBXBuildFile; fileRef = 445402641FB3E9E400869375 /* GearColor.cpp */; };
		445403891FB4098900869375 /* GearDisplay.cpp in Sources */ = {isa = PBXBuildFile; fileRef = 445402661FB3E9E400869375 /* GearDisplay.cpp */; };
		4454038A1FB4098900869375 /* GearIcon.cpp in Sources */ = {isa = PBXBuildFile; fileRef = 445402681FB3E9E400869375 /* GearIcon.cpp */; };
		4454038B1FB4098900869375 /* GearLook.cpp in Sources */ = {isa = PBXBuildFile; fileRef = 4454026A1FB3E9E400869375 /* GearLook.cpp */; };
		4454038C1FB4098900869375 /* GearSize.cpp in Sources */ = {isa = PBXBuildFile; fileRef = 4454026C1FB3E9E400869375 /* GearSize.cpp */; };
		4454038D1FB4098900869375 /* GearText.cpp in Sources */ = {isa = PBXBuildFile; fileRef = 4454026E1FB3E9E400869375 /* GearText.cpp */; };
		4454038E1FB4098900869375 /* GearXY.cpp in Sources */ = {isa = PBXBuildFile; fileRef = 445402701FB3E9E400869375 /* GearXY.cpp */; };
		4454038F1FB4098900869375 /* GGraph.cpp in Sources */ = {isa = PBXBuildFile; fileRef = 445402721FB3E9E400869375 /* GGraph.cpp */; };
		445403901FB4098900869375 /* GGroup.cpp in Sources */ = {isa = PBXBuildFile; fileRef = 445402741FB3E9E400869375 /* GGroup.cpp */; };
		445403911FB4098900869375 /* GImage.cpp in Sources */ = {isa = PBXBuildFile; fileRef = 445402761FB3E9E400869375 /* GImage.cpp */; };
		445403921FB4098900869375 /* GLabel.cpp in Sources */ = {isa = PBXBuildFile; fileRef = 445402781FB3E9E400869375 /* GLabel.cpp */; };
		445403931FB4098900869375 /* GList.cpp in Sources */ = {isa = PBXBuildFile; fileRef = 4454027A1FB3E9E400869375 /* GList.cpp */; };
		445403941FB4098900869375 /* GLoader.cpp in Sources */ = {isa = PBXBuildFile; fileRef = 4454027C1FB3E9E400869375 /* GLoader.cpp */; };
		445403951FB4098900869375 /* GMovieClip.cpp in Sources */ = {isa = PBXBuildFile; fileRef = 4454027E1FB3E9E400869375 /* GMovieClip.cpp */; };
		445403961FB4098900869375 /* GObject.cpp in Sources */ = {isa = PBXBuildFile; fileRef = 445402801FB3E9E400869375 /* GObject.cpp */; };
		445403971FB4098900869375 /* GObjectPool.cpp in Sources */ = {isa = PBXBuildFile; fileRef = 445402821FB3E9E400869375 /* GObjectPool.cpp */; };
		445403981FB4098900869375 /* GProgressBar.cpp in Sources */ = {isa = PBXBuildFile; fileRef = 445402841FB3E9E400869375 /* GProgressBar.cpp */; };
		445403991FB4098900869375 /* GRichTextField.cpp in Sources */ = {isa = PBXBuildFile; fileRef = 445402861FB3E9E400869375 /* GRichTextField.cpp */; };
		4454039A1FB4098900869375 /* GRoot.cpp in Sources */ = {isa = PBXBuildFile; fileRef = 445402881FB3E9E400869375 /* GRoot.cpp */; };
		4454039B1FB4098900869375 /* GScrollBar.cpp in Sources */ = {isa = PBXBuildFile; fileRef = 4454028A1FB3E9E400869375 /* GScrollBar.cpp */; };
		4454039C1FB4098900869375 /* GSlider.cpp in Sources */ = {isa = PBXBuildFile; fileRef = 4454028C1FB3E9E400869375 /* GSlider.cpp */; };
		4454039D1FB4098900869375 /* GTextField.cpp in Sources */ = {isa = PBXBuildFile; fileRef = 4454028E1FB3E9E400869375 /* GTextField.cpp */; };
		4454039E1FB4098900869375 /* GTextInput.cpp in Sources */ = {isa = PBXBuildFile; fileRef = 445402901FB3E9E400869375 /* GTextInput.cpp */; };
		4454039F1FB4098900869375 /* Margin.cpp in Sources */ = {isa = PBXBuildFile; fileRef = 445402921FB3E9E400869375 /* Margin.cpp */; };
		445403A01FB4098900869375 /* PackageItem.cpp in Sources */ = {isa = PBXBuildFile; fileRef = 445402941FB3E9E400869375 /* PackageItem.cpp */; };
		445403A11FB4098900869375 /* PopupMenu.cpp in Sources */ = {isa = PBXBuildFile; fileRef = 445402961FB3E9E400869375 /* PopupMenu.cpp */; };
		445403A21FB4098900869375 /* RelationItem.cpp in Sources */ = {isa = PBXBuildFile; fileRef = 445402981FB3E9E400869375 /* RelationItem.cpp */; };
		445403A31FB4098900869375 /* Relations.cpp in Sources */ = {isa = PBXBuildFile; fileRef = 4454029A1FB3E9E400869375 /* Relations.cpp */; };
		445403A41FB4098900869375 /* ScrollPane.cpp in Sources */ = {isa = PBXBuildFile; fileRef = 4454029C1FB3E9E400869375 /* ScrollPane.cpp */; };
		445403A51FB4098900869375 /* Transition.cpp in Sources */ = {isa = PBXBuildFile; fileRef = 4454029E1FB3E9E400869375 /* Transition.cpp */; };
		445403A61FB4098900869375 /* UIConfig.cpp in Sources */ = {isa = PBXBuildFile; fileRef = 445402A01FB3E9E400869375 /* UIConfig.cpp */; };
		445403A71FB4098900869375 /* UIObjectFactory.cpp in Sources */ = {isa = PBXBuildFile; fileRef = 445402A21FB3E9E400869375 /* UIObjectFactory.cpp */; };
		445403A81FB4098900869375 /* UIPackage.cpp in Sources */ = {isa = PBXBuildFile; fileRef = 445402A41FB3E9E400869375 /* UIPackage.cpp */; };
		445403AA1FB4098900869375 /* ToolSet.cpp in Sources */ = {isa = PBXBuildFile; fileRef = 445402AA1FB3E9E400869375 /* ToolSet.cpp */; };
		445403AB1FB4098900869375 /* UBBParser.cpp in Sources */ = {isa = PBXBuildFile; fileRef = 445402AC1FB3E9E400869375 /* UBBParser.cpp */; };
		445403AC1FB4098900869375 /* Window.cpp in Sources */ = {isa = PBXBuildFile; fileRef = 445402AE1FB3E9E400869375 /* Window.cpp */; };
		44905A4C1FC2D5E600C33C88 /* WeakPtr.cpp in Sources */ = {isa = PBXBuildFile; fileRef = 44905A4A1FC2D5E600C33C88 /* WeakPtr.cpp */; };
		44905A4D1FC2D5E600C33C88 /* WeakPtr.cpp in Sources */ = {isa = PBXBuildFile; fileRef = 44905A4A1FC2D5E600C33C88 /* WeakPtr.cpp */; };
		44905A561FC3CCCD00C33C88 /* ChangePageAction.cpp in Sources */ = {isa = PBXBuildFile; fileRef = 44905A501FC3CCCD00C33C88 /* ChangePageAction.cpp */; };
		44905A571FC3CCCD00C33C88 /* ChangePageAction.cpp in Sources */ = {isa = PBXBuildFile; fileRef = 44905A501FC3CCCD00C33C88 /* ChangePageAction.cpp */; };
		44905A591FC3CCCD00C33C88 /* ControllerAction.cpp in Sources */ = {isa = PBXBuildFile; fileRef = 44905A521FC3CCCD00C33C88 /* ControllerAction.cpp */; };
		44905A5A1FC3CCCD00C33C88 /* ControllerAction.cpp in Sources */ = {isa = PBXBuildFile; fileRef = 44905A521FC3CCCD00C33C88 /* ControllerAction.cpp */; };
		44905A5C1FC3CCCD00C33C88 /* PlayTransitionAction.cpp in Sources */ = {isa = PBXBuildFile; fileRef = 44905A541FC3CCCD00C33C88 /* PlayTransitionAction.cpp */; };
		44905A5D1FC3CCCD00C33C88 /* PlayTransitionAction.cpp in Sources */ = {isa = PBXBuildFile; fileRef = 44905A541FC3CCCD00C33C88 /* PlayTransitionAction.cpp */; };
		44905A6B1FC4367600C33C88 /* FUIInput.cpp in Sources */ = {isa = PBXBuildFile; fileRef = 44905A691FC4367600C33C88 /* FUIInput.cpp */; };
		44905A6C1FC4367600C33C88 /* FUIInput.cpp in Sources */ = {isa = PBXBuildFile; fileRef = 44905A691FC4367600C33C88 /* FUIInput.cpp */; };
		44905A8E1FC574BC00C33C88 /* TreeNode.cpp in Sources */ = {isa = PBXBuildFile; fileRef = 44905A8A1FC574BC00C33C88 /* TreeNode.cpp */; };
		44905A8F1FC574BC00C33C88 /* TreeNode.cpp in Sources */ = {isa = PBXBuildFile; fileRef = 44905A8A1FC574BC00C33C88 /* TreeNode.cpp */; };
		44905A911FC574BC00C33C88 /* TreeView.cpp in Sources */ = {isa = PBXBuildFile; fileRef = 44905A8C1FC574BC00C33C88 /* TreeView.cpp */; };
		44905A921FC574BC00C33C88 /* TreeView.cpp in Sources */ = {isa = PBXBuildFile; fileRef = 44905A8C1FC574BC00C33C88 /* TreeView.cpp */; };
		44905A9A1FC809AA00C33C88 /* TextFormat.cpp in Sources */ = {isa = PBXBuildFile; fileRef = 44905A981FC809AA00C33C88 /* TextFormat.cpp */; };
		44905A9B1FC809AA00C33C88 /* TextFormat.cpp in Sources */ = {isa = PBXBuildFile; fileRef = 44905A981FC809AA00C33C88 /* TextFormat.cpp */; };
		44905A9C1FC809AA00C33C88 /* TextFormat.h in Headers */ = {isa = PBXBuildFile; fileRef = 44905A991FC809AA00C33C88 /* TextFormat.h */; };
		4496999321416A9700B6412E /* EaseManager.cpp in Sources */ = {isa = PBXBuildFile; fileRef = 4496998621416A9700B6412E /* EaseManager.cpp */; };
		4496999421416A9700B6412E /* EaseManager.cpp in Sources */ = {isa = PBXBuildFile; fileRef = 4496998621416A9700B6412E /* EaseManager.cpp */; };
		4496999521416A9700B6412E /* EaseManager.h in Headers */ = {isa = PBXBuildFile; fileRef = 4496998721416A9700B6412E /* EaseManager.h */; };
		4496999621416A9700B6412E /* EaseType.h in Headers */ = {isa = PBXBuildFile; fileRef = 4496998821416A9700B6412E /* EaseType.h */; };
		4496999721416A9700B6412E /* GTween.cpp in Sources */ = {isa = PBXBuildFile; fileRef = 4496998921416A9700B6412E /* GTween.cpp */; };
		4496999821416A9700B6412E /* GTween.cpp in Sources */ = {isa = PBXBuildFile; fileRef = 4496998921416A9700B6412E /* GTween.cpp */; };
		4496999921416A9700B6412E /* GTween.h in Headers */ = {isa = PBXBuildFile; fileRef = 4496998A21416A9700B6412E /* GTween.h */; };
		4496999A21416A9700B6412E /* GTweener.cpp in Sources */ = {isa = PBXBuildFile; fileRef = 4496998B21416A9700B6412E /* GTweener.cpp */; };
		4496999B21416A9700B6412E /* GTweener.cpp in Sources */ = {isa = PBXBuildFile; fileRef = 4496998B21416A9700B6412E /* GTweener.cpp */; };
		4496999C21416A9700B6412E /* GTweener.h in Headers */ = {isa = PBXBuildFile; fileRef = 4496998C21416A9700B6412E /* GTweener.h */; };
		4496999D21416A9700B6412E /* TweenManager.cpp in Sources */ = {isa = PBXBuildFile; fileRef = 4496998D21416A9700B6412E /* TweenManager.cpp */; };
		4496999E21416A9700B6412E /* TweenManager.cpp in Sources */ = {isa = PBXBuildFile; fileRef = 4496998D21416A9700B6412E /* TweenManager.cpp */; };
		4496999F21416A9700B6412E /* TweenManager.h in Headers */ = {isa = PBXBuildFile; fileRef = 4496998E21416A9700B6412E /* TweenManager.h */; };
		449699A021416A9700B6412E /* TweenPropType.cpp in Sources */ = {isa = PBXBuildFile; fileRef = 4496998F21416A9700B6412E /* TweenPropType.cpp */; };
		449699A121416A9700B6412E /* TweenPropType.cpp in Sources */ = {isa = PBXBuildFile; fileRef = 4496998F21416A9700B6412E /* TweenPropType.cpp */; };
		449699A221416A9700B6412E /* TweenPropType.h in Headers */ = {isa = PBXBuildFile; fileRef = 4496999021416A9700B6412E /* TweenPropType.h */; };
		449699A321416A9700B6412E /* TweenValue.cpp in Sources */ = {isa = PBXBuildFile; fileRef = 4496999121416A9700B6412E /* TweenValue.cpp */; };
		449699A421416A9700B6412E /* TweenValue.cpp in Sources */ = {isa = PBXBuildFile; fileRef = 4496999121416A9700B6412E /* TweenValue.cpp */; };
		449699A521416A9700B6412E /* TweenValue.h in Headers */ = {isa = PBXBuildFile; fileRef = 4496999221416A9700B6412E /* TweenValue.h */; };
		449699AB2141749C00B6412E /* ByteBuffer.cpp in Sources */ = {isa = PBXBuildFile; fileRef = 449699A92141749C00B6412E /* ByteBuffer.cpp */; };
		449699AC2141749C00B6412E /* ByteBuffer.cpp in Sources */ = {isa = PBXBuildFile; fileRef = 449699A92141749C00B6412E /* ByteBuffer.cpp */; };
		449699AD2141749C00B6412E /* ByteBuffer.h in Headers */ = {isa = PBXBuildFile; fileRef = 449699AA2141749C00B6412E /* ByteBuffer.h */; };
		449699B02141785900B6412E /* TranslationHelper.cpp in Sources */ = {isa = PBXBuildFile; fileRef = 449699AE2141785900B6412E /* TranslationHelper.cpp */; };
		449699B12141785900B6412E /* TranslationHelper.cpp in Sources */ = {isa = PBXBuildFile; fileRef = 449699AE2141785900B6412E /* TranslationHelper.cpp */; };
		449699B22141785900B6412E /* TranslationHelper.h in Headers */ = {isa = PBXBuildFile; fileRef = 449699AF2141785900B6412E /* TranslationHelper.h */; };
/* End PBXBuildFile section */

/* Begin PBXCopyFilesBuildPhase section */
		4454021E1FB3E8D500869375 /* CopyFiles */ = {
			isa = PBXCopyFilesBuildPhase;
			buildActionMask = 2147483647;
			dstPath = "include/$(PRODUCT_NAME)";
			dstSubfolderSpec = 16;
			files = (
			);
			runOnlyForDeploymentPostprocessing = 0;
		};
/* End PBXCopyFilesBuildPhase section */

/* Begin PBXFileReference section */
		445402201FB3E8D500869375 /* libfairygui iOS.a */ = {isa = PBXFileReference; explicitFileType = archive.ar; includeInIndex = 0; path = "libfairygui iOS.a"; sourceTree = BUILT_PRODUCTS_DIR; };
		445402391FB3E9E400869375 /* Controller.cpp */ = {isa = PBXFileReference; fileEncoding = 4; lastKnownFileType = sourcecode.cpp.cpp; path = Controller.cpp; sourceTree = "<group>"; };
		4454023A1FB3E9E400869375 /* Controller.h */ = {isa = PBXFileReference; fileEncoding = 4; lastKnownFileType = sourcecode.c.h; path = Controller.h; sourceTree = "<group>"; };
		4454023E1FB3E9E400869375 /* BitmapFont.cpp */ = {isa = PBXFileReference; fileEncoding = 4; lastKnownFileType = sourcecode.cpp.cpp; path = BitmapFont.cpp; sourceTree = "<group>"; };
		4454023F1FB3E9E400869375 /* BitmapFont.h */ = {isa = PBXFileReference; fileEncoding = 4; lastKnownFileType = sourcecode.c.h; path = BitmapFont.h; sourceTree = "<group>"; };
		445402401FB3E9E400869375 /* FUIContainer.cpp */ = {isa = PBXFileReference; fileEncoding = 4; lastKnownFileType = sourcecode.cpp.cpp; path = FUIContainer.cpp; sourceTree = "<group>"; };
		445402411FB3E9E400869375 /* FUIContainer.h */ = {isa = PBXFileReference; fileEncoding = 4; lastKnownFileType = sourcecode.c.h; path = FUIContainer.h; sourceTree = "<group>"; };
		445402421FB3E9E400869375 /* FUILabel.cpp */ = {isa = PBXFileReference; fileEncoding = 4; lastKnownFileType = sourcecode.cpp.cpp; path = FUILabel.cpp; sourceTree = "<group>"; };
		445402431FB3E9E400869375 /* FUILabel.h */ = {isa = PBXFileReference; fileEncoding = 4; lastKnownFileType = sourcecode.c.h; path = FUILabel.h; sourceTree = "<group>"; };
		445402441FB3E9E400869375 /* FUIRichText.cpp */ = {isa = PBXFileReference; fileEncoding = 4; lastKnownFileType = sourcecode.cpp.cpp; path = FUIRichText.cpp; sourceTree = "<group>"; };
		445402451FB3E9E400869375 /* FUIRichText.h */ = {isa = PBXFileReference; fileEncoding = 4; lastKnownFileType = sourcecode.c.h; path = FUIRichText.h; sourceTree = "<group>"; };
		445402461FB3E9E400869375 /* FUISprite.cpp */ = {isa = PBXFileReference; fileEncoding = 4; lastKnownFileType = sourcecode.cpp.cpp; path = FUISprite.cpp; sourceTree = "<group>"; };
		445402471FB3E9E400869375 /* FUISprite.h */ = {isa = PBXFileReference; fileEncoding = 4; lastKnownFileType = sourcecode.c.h; path = FUISprite.h; sourceTree = "<group>"; };
		445402481FB3E9E400869375 /* DragDropManager.cpp */ = {isa = PBXFileReference; fileEncoding = 4; lastKnownFileType = sourcecode.cpp.cpp; path = DragDropManager.cpp; sourceTree = "<group>"; };
		445402491FB3E9E400869375 /* DragDropManager.h */ = {isa = PBXFileReference; fileEncoding = 4; lastKnownFileType = sourcecode.c.h; path = DragDropManager.h; sourceTree = "<group>"; };
		4454024B1FB3E9E400869375 /* EventContext.cpp */ = {isa = PBXFileReference; fileEncoding = 4; lastKnownFileType = sourcecode.cpp.cpp; path = EventContext.cpp; sourceTree = "<group>"; };
		4454024C1FB3E9E400869375 /* EventContext.h */ = {isa = PBXFileReference; fileEncoding = 4; lastKnownFileType = sourcecode.c.h; path = EventContext.h; sourceTree = "<group>"; };
		4454024D1FB3E9E400869375 /* HitTest.cpp */ = {isa = PBXFileReference; fileEncoding = 4; lastKnownFileType = sourcecode.cpp.cpp; path = HitTest.cpp; sourceTree = "<group>"; };
		4454024E1FB3E9E400869375 /* HitTest.h */ = {isa = PBXFileReference; fileEncoding = 4; lastKnownFileType = sourcecode.c.h; path = HitTest.h; sourceTree = "<group>"; };
		4454024F1FB3E9E400869375 /* InputEvent.cpp */ = {isa = PBXFileReference; fileEncoding = 4; lastKnownFileType = sourcecode.cpp.cpp; path = InputEvent.cpp; sourceTree = "<group>"; };
		445402501FB3E9E400869375 /* InputEvent.h */ = {isa = PBXFileReference; fileEncoding = 4; lastKnownFileType = sourcecode.c.h; path = InputEvent.h; sourceTree = "<group>"; };
		445402511FB3E9E400869375 /* InputProcessor.cpp */ = {isa = PBXFileReference; fileEncoding = 4; lastKnownFileType = sourcecode.cpp.cpp; path = InputProcessor.cpp; sourceTree = "<group>"; };
		445402521FB3E9E400869375 /* InputProcessor.h */ = {isa = PBXFileReference; fileEncoding = 4; lastKnownFileType = sourcecode.c.h; path = InputProcessor.h; sourceTree = "<group>"; };
		445402531FB3E9E400869375 /* UIEventDispatcher.cpp */ = {isa = PBXFileReference; fileEncoding = 4; lastKnownFileType = sourcecode.cpp.cpp; path = UIEventDispatcher.cpp; sourceTree = "<group>"; };
		445402541FB3E9E400869375 /* UIEventDispatcher.h */ = {isa = PBXFileReference; fileEncoding = 4; lastKnownFileType = sourcecode.c.h; path = UIEventDispatcher.h; sourceTree = "<group>"; };
		445402551FB3E9E400869375 /* UIEventType.h */ = {isa = PBXFileReference; fileEncoding = 4; lastKnownFileType = sourcecode.c.h; path = UIEventType.h; sourceTree = "<group>"; };
		445402561FB3E9E400869375 /* FairyGUI.h */ = {isa = PBXFileReference; fileEncoding = 4; lastKnownFileType = sourcecode.c.h; path = FairyGUI.h; sourceTree = "<group>"; };
		445402571FB3E9E400869375 /* FairyGUIMacros.h */ = {isa = PBXFileReference; fileEncoding = 4; lastKnownFileType = sourcecode.c.h; path = FairyGUIMacros.h; sourceTree = "<group>"; };
		445402581FB3E9E400869375 /* FieldTypes.h */ = {isa = PBXFileReference; fileEncoding = 4; lastKnownFileType = sourcecode.c.h; path = FieldTypes.h; sourceTree = "<group>"; };
		445402591FB3E9E400869375 /* GButton.cpp */ = {isa = PBXFileReference; fileEncoding = 4; lastKnownFileType = sourcecode.cpp.cpp; path = GButton.cpp; sourceTree = "<group>"; };
		4454025A1FB3E9E400869375 /* GButton.h */ = {isa = PBXFileReference; fileEncoding = 4; lastKnownFileType = sourcecode.c.h; path = GButton.h; sourceTree = "<group>"; };
		4454025B1FB3E9E400869375 /* GComboBox.cpp */ = {isa = PBXFileReference; fileEncoding = 4; lastKnownFileType = sourcecode.cpp.cpp; path = GComboBox.cpp; sourceTree = "<group>"; };
		4454025C1FB3E9E400869375 /* GComboBox.h */ = {isa = PBXFileReference; fileEncoding = 4; lastKnownFileType = sourcecode.c.h; path = GComboBox.h; sourceTree = "<group>"; };
		4454025D1FB3E9E400869375 /* GComponent.cpp */ = {isa = PBXFileReference; fileEncoding = 4; lastKnownFileType = sourcecode.cpp.cpp; path = GComponent.cpp; sourceTree = "<group>"; };
		4454025E1FB3E9E400869375 /* GComponent.h */ = {isa = PBXFileReference; fileEncoding = 4; lastKnownFileType = sourcecode.c.h; path = GComponent.h; sourceTree = "<group>"; };
		445402601FB3E9E400869375 /* GearAnimation.cpp */ = {isa = PBXFileReference; fileEncoding = 4; lastKnownFileType = sourcecode.cpp.cpp; path = GearAnimation.cpp; sourceTree = "<group>"; };
		445402611FB3E9E400869375 /* GearAnimation.h */ = {isa = PBXFileReference; fileEncoding = 4; lastKnownFileType = sourcecode.c.h; path = GearAnimation.h; sourceTree = "<group>"; };
		445402621FB3E9E400869375 /* GearBase.cpp */ = {isa = PBXFileReference; fileEncoding = 4; lastKnownFileType = sourcecode.cpp.cpp; path = GearBase.cpp; sourceTree = "<group>"; };
		445402631FB3E9E400869375 /* GearBase.h */ = {isa = PBXFileReference; fileEncoding = 4; lastKnownFileType = sourcecode.c.h; path = GearBase.h; sourceTree = "<group>"; };
		445402641FB3E9E400869375 /* GearColor.cpp */ = {isa = PBXFileReference; fileEncoding = 4; lastKnownFileType = sourcecode.cpp.cpp; path = GearColor.cpp; sourceTree = "<group>"; };
		445402651FB3E9E400869375 /* GearColor.h */ = {isa = PBXFileReference; fileEncoding = 4; lastKnownFileType = sourcecode.c.h; path = GearColor.h; sourceTree = "<group>"; };
		445402661FB3E9E400869375 /* GearDisplay.cpp */ = {isa = PBXFileReference; fileEncoding = 4; lastKnownFileType = sourcecode.cpp.cpp; path = GearDisplay.cpp; sourceTree = "<group>"; };
		445402671FB3E9E400869375 /* GearDisplay.h */ = {isa = PBXFileReference; fileEncoding = 4; lastKnownFileType = sourcecode.c.h; path = GearDisplay.h; sourceTree = "<group>"; };
		445402681FB3E9E400869375 /* GearIcon.cpp */ = {isa = PBXFileReference; fileEncoding = 4; lastKnownFileType = sourcecode.cpp.cpp; path = GearIcon.cpp; sourceTree = "<group>"; };
		445402691FB3E9E400869375 /* GearIcon.h */ = {isa = PBXFileReference; fileEncoding = 4; lastKnownFileType = sourcecode.c.h; path = GearIcon.h; sourceTree = "<group>"; };
		4454026A1FB3E9E400869375 /* GearLook.cpp */ = {isa = PBXFileReference; fileEncoding = 4; lastKnownFileType = sourcecode.cpp.cpp; path = GearLook.cpp; sourceTree = "<group>"; };
		4454026B1FB3E9E400869375 /* GearLook.h */ = {isa = PBXFileReference; fileEncoding = 4; lastKnownFileType = sourcecode.c.h; path = GearLook.h; sourceTree = "<group>"; };
		4454026C1FB3E9E400869375 /* GearSize.cpp */ = {isa = PBXFileReference; fileEncoding = 4; lastKnownFileType = sourcecode.cpp.cpp; path = GearSize.cpp; sourceTree = "<group>"; };
		4454026D1FB3E9E400869375 /* GearSize.h */ = {isa = PBXFileReference; fileEncoding = 4; lastKnownFileType = sourcecode.c.h; path = GearSize.h; sourceTree = "<group>"; };
		4454026E1FB3E9E400869375 /* GearText.cpp */ = {isa = PBXFileReference; fileEncoding = 4; lastKnownFileType = sourcecode.cpp.cpp; path = GearText.cpp; sourceTree = "<group>"; };
		4454026F1FB3E9E400869375 /* GearText.h */ = {isa = PBXFileReference; fileEncoding = 4; lastKnownFileType = sourcecode.c.h; path = GearText.h; sourceTree = "<group>"; };
		445402701FB3E9E400869375 /* GearXY.cpp */ = {isa = PBXFileReference; fileEncoding = 4; lastKnownFileType = sourcecode.cpp.cpp; path = GearXY.cpp; sourceTree = "<group>"; };
		445402711FB3E9E400869375 /* GearXY.h */ = {isa = PBXFileReference; fileEncoding = 4; lastKnownFileType = sourcecode.c.h; path = GearXY.h; sourceTree = "<group>"; };
		445402721FB3E9E400869375 /* GGraph.cpp */ = {isa = PBXFileReference; fileEncoding = 4; lastKnownFileType = sourcecode.cpp.cpp; path = GGraph.cpp; sourceTree = "<group>"; };
		445402731FB3E9E400869375 /* GGraph.h */ = {isa = PBXFileReference; fileEncoding = 4; lastKnownFileType = sourcecode.c.h; path = GGraph.h; sourceTree = "<group>"; };
		445402741FB3E9E400869375 /* GGroup.cpp */ = {isa = PBXFileReference; fileEncoding = 4; lastKnownFileType = sourcecode.cpp.cpp; path = GGroup.cpp; sourceTree = "<group>"; };
		445402751FB3E9E400869375 /* GGroup.h */ = {isa = PBXFileReference; fileEncoding = 4; lastKnownFileType = sourcecode.c.h; path = GGroup.h; sourceTree = "<group>"; };
		445402761FB3E9E400869375 /* GImage.cpp */ = {isa = PBXFileReference; fileEncoding = 4; lastKnownFileType = sourcecode.cpp.cpp; path = GImage.cpp; sourceTree = "<group>"; };
		445402771FB3E9E400869375 /* GImage.h */ = {isa = PBXFileReference; fileEncoding = 4; lastKnownFileType = sourcecode.c.h; path = GImage.h; sourceTree = "<group>"; };
		445402781FB3E9E400869375 /* GLabel.cpp */ = {isa = PBXFileReference; fileEncoding = 4; lastKnownFileType = sourcecode.cpp.cpp; path = GLabel.cpp; sourceTree = "<group>"; };
		445402791FB3E9E400869375 /* GLabel.h */ = {isa = PBXFileReference; fileEncoding = 4; lastKnownFileType = sourcecode.c.h; path = GLabel.h; sourceTree = "<group>"; };
		4454027A1FB3E9E400869375 /* GList.cpp */ = {isa = PBXFileReference; fileEncoding = 4; lastKnownFileType = sourcecode.cpp.cpp; path = GList.cpp; sourceTree = "<group>"; };
		4454027B1FB3E9E400869375 /* GList.h */ = {isa = PBXFileReference; fileEncoding = 4; lastKnownFileType = sourcecode.c.h; path = GList.h; sourceTree = "<group>"; };
		4454027C1FB3E9E400869375 /* GLoader.cpp */ = {isa = PBXFileReference; fileEncoding = 4; lastKnownFileType = sourcecode.cpp.cpp; path = GLoader.cpp; sourceTree = "<group>"; };
		4454027D1FB3E9E400869375 /* GLoader.h */ = {isa = PBXFileReference; fileEncoding = 4; lastKnownFileType = sourcecode.c.h; path = GLoader.h; sourceTree = "<group>"; };
		4454027E1FB3E9E400869375 /* GMovieClip.cpp */ = {isa = PBXFileReference; fileEncoding = 4; lastKnownFileType = sourcecode.cpp.cpp; path = GMovieClip.cpp; sourceTree = "<group>"; };
		4454027F1FB3E9E400869375 /* GMovieClip.h */ = {isa = PBXFileReference; fileEncoding = 4; lastKnownFileType = sourcecode.c.h; path = GMovieClip.h; sourceTree = "<group>"; };
		445402801FB3E9E400869375 /* GObject.cpp */ = {isa = PBXFileReference; fileEncoding = 4; lastKnownFileType = sourcecode.cpp.cpp; path = GObject.cpp; sourceTree = "<group>"; };
		445402811FB3E9E400869375 /* GObject.h */ = {isa = PBXFileReference; fileEncoding = 4; lastKnownFileType = sourcecode.c.h; path = GObject.h; sourceTree = "<group>"; };
		445402821FB3E9E400869375 /* GObjectPool.cpp */ = {isa = PBXFileReference; fileEncoding = 4; lastKnownFileType = sourcecode.cpp.cpp; path = GObjectPool.cpp; sourceTree = "<group>"; };
		445402831FB3E9E400869375 /* GObjectPool.h */ = {isa = PBXFileReference; fileEncoding = 4; lastKnownFileType = sourcecode.c.h; path = GObjectPool.h; sourceTree = "<group>"; };
		445402841FB3E9E400869375 /* GProgressBar.cpp */ = {isa = PBXFileReference; fileEncoding = 4; lastKnownFileType = sourcecode.cpp.cpp; path = GProgressBar.cpp; sourceTree = "<group>"; };
		445402851FB3E9E400869375 /* GProgressBar.h */ = {isa = PBXFileReference; fileEncoding = 4; lastKnownFileType = sourcecode.c.h; path = GProgressBar.h; sourceTree = "<group>"; };
		445402861FB3E9E400869375 /* GRichTextField.cpp */ = {isa = PBXFileReference; fileEncoding = 4; lastKnownFileType = sourcecode.cpp.cpp; path = GRichTextField.cpp; sourceTree = "<group>"; };
		445402871FB3E9E400869375 /* GRichTextField.h */ = {isa = PBXFileReference; fileEncoding = 4; lastKnownFileType = sourcecode.c.h; path = GRichTextField.h; sourceTree = "<group>"; };
		445402881FB3E9E400869375 /* GRoot.cpp */ = {isa = PBXFileReference; fileEncoding = 4; lastKnownFileType = sourcecode.cpp.cpp; path = GRoot.cpp; sourceTree = "<group>"; };
		445402891FB3E9E400869375 /* GRoot.h */ = {isa = PBXFileReference; fileEncoding = 4; lastKnownFileType = sourcecode.c.h; path = GRoot.h; sourceTree = "<group>"; };
		4454028A1FB3E9E400869375 /* GScrollBar.cpp */ = {isa = PBXFileReference; fileEncoding = 4; lastKnownFileType = sourcecode.cpp.cpp; path = GScrollBar.cpp; sourceTree = "<group>"; };
		4454028B1FB3E9E400869375 /* GScrollBar.h */ = {isa = PBXFileReference; fileEncoding = 4; lastKnownFileType = sourcecode.c.h; path = GScrollBar.h; sourceTree = "<group>"; };
		4454028C1FB3E9E400869375 /* GSlider.cpp */ = {isa = PBXFileReference; fileEncoding = 4; lastKnownFileType = sourcecode.cpp.cpp; path = GSlider.cpp; sourceTree = "<group>"; };
		4454028D1FB3E9E400869375 /* GSlider.h */ = {isa = PBXFileReference; fileEncoding = 4; lastKnownFileType = sourcecode.c.h; path = GSlider.h; sourceTree = "<group>"; };
		4454028E1FB3E9E400869375 /* GTextField.cpp */ = {isa = PBXFileReference; fileEncoding = 4; lastKnownFileType = sourcecode.cpp.cpp; path = GTextField.cpp; sourceTree = "<group>"; };
		4454028F1FB3E9E400869375 /* GTextField.h */ = {isa = PBXFileReference; fileEncoding = 4; lastKnownFileType = sourcecode.c.h; path = GTextField.h; sourceTree = "<group>"; };
		445402901FB3E9E400869375 /* GTextInput.cpp */ = {isa = PBXFileReference; fileEncoding = 4; lastKnownFileType = sourcecode.cpp.cpp; path = GTextInput.cpp; sourceTree = "<group>"; };
		445402911FB3E9E400869375 /* GTextInput.h */ = {isa = PBXFileReference; fileEncoding = 4; lastKnownFileType = sourcecode.c.h; path = GTextInput.h; sourceTree = "<group>"; };
		445402921FB3E9E400869375 /* Margin.cpp */ = {isa = PBXFileReference; fileEncoding = 4; lastKnownFileType = sourcecode.cpp.cpp; path = Margin.cpp; sourceTree = "<group>"; };
		445402931FB3E9E400869375 /* Margin.h */ = {isa = PBXFileReference; fileEncoding = 4; lastKnownFileType = sourcecode.c.h; path = Margin.h; sourceTree = "<group>"; };
		445402941FB3E9E400869375 /* PackageItem.cpp */ = {isa = PBXFileReference; fileEncoding = 4; lastKnownFileType = sourcecode.cpp.cpp; path = PackageItem.cpp; sourceTree = "<group>"; };
		445402951FB3E9E400869375 /* PackageItem.h */ = {isa = PBXFileReference; fileEncoding = 4; lastKnownFileType = sourcecode.c.h; path = PackageItem.h; sourceTree = "<group>"; };
		445402961FB3E9E400869375 /* PopupMenu.cpp */ = {isa = PBXFileReference; fileEncoding = 4; lastKnownFileType = sourcecode.cpp.cpp; path = PopupMenu.cpp; sourceTree = "<group>"; };
		445402971FB3E9E400869375 /* PopupMenu.h */ = {isa = PBXFileReference; fileEncoding = 4; lastKnownFileType = sourcecode.c.h; path = PopupMenu.h; sourceTree = "<group>"; };
		445402981FB3E9E400869375 /* RelationItem.cpp */ = {isa = PBXFileReference; fileEncoding = 4; lastKnownFileType = sourcecode.cpp.cpp; path = RelationItem.cpp; sourceTree = "<group>"; };
		445402991FB3E9E400869375 /* RelationItem.h */ = {isa = PBXFileReference; fileEncoding = 4; lastKnownFileType = sourcecode.c.h; path = RelationItem.h; sourceTree = "<group>"; };
		4454029A1FB3E9E400869375 /* Relations.cpp */ = {isa = PBXFileReference; fileEncoding = 4; lastKnownFileType = sourcecode.cpp.cpp; path = Relations.cpp; sourceTree = "<group>"; };
		4454029B1FB3E9E400869375 /* Relations.h */ = {isa = PBXFileReference; fileEncoding = 4; lastKnownFileType = sourcecode.c.h; path = Relations.h; sourceTree = "<group>"; };
		4454029C1FB3E9E400869375 /* ScrollPane.cpp */ = {isa = PBXFileReference; fileEncoding = 4; lastKnownFileType = sourcecode.cpp.cpp; path = ScrollPane.cpp; sourceTree = "<group>"; };
		4454029D1FB3E9E400869375 /* ScrollPane.h */ = {isa = PBXFileReference; fileEncoding = 4; lastKnownFileType = sourcecode.c.h; path = ScrollPane.h; sourceTree = "<group>"; };
		4454029E1FB3E9E400869375 /* Transition.cpp */ = {isa = PBXFileReference; fileEncoding = 4; lastKnownFileType = sourcecode.cpp.cpp; path = Transition.cpp; sourceTree = "<group>"; };
		4454029F1FB3E9E400869375 /* Transition.h */ = {isa = PBXFileReference; fileEncoding = 4; lastKnownFileType = sourcecode.c.h; path = Transition.h; sourceTree = "<group>"; };
		445402A01FB3E9E400869375 /* UIConfig.cpp */ = {isa = PBXFileReference; fileEncoding = 4; lastKnownFileType = sourcecode.cpp.cpp; path = UIConfig.cpp; sourceTree = "<group>"; };
		445402A11FB3E9E400869375 /* UIConfig.h */ = {isa = PBXFileReference; fileEncoding = 4; lastKnownFileType = sourcecode.c.h; path = UIConfig.h; sourceTree = "<group>"; };
		445402A21FB3E9E400869375 /* UIObjectFactory.cpp */ = {isa = PBXFileReference; fileEncoding = 4; lastKnownFileType = sourcecode.cpp.cpp; path = UIObjectFactory.cpp; sourceTree = "<group>"; };
		445402A31FB3E9E400869375 /* UIObjectFactory.h */ = {isa = PBXFileReference; fileEncoding = 4; lastKnownFileType = sourcecode.c.h; path = UIObjectFactory.h; sourceTree = "<group>"; };
		445402A41FB3E9E400869375 /* UIPackage.cpp */ = {isa = PBXFileReference; fileEncoding = 4; lastKnownFileType = sourcecode.cpp.cpp; path = UIPackage.cpp; sourceTree = "<group>"; };
		445402A51FB3E9E400869375 /* UIPackage.h */ = {isa = PBXFileReference; fileEncoding = 4; lastKnownFileType = sourcecode.c.h; path = UIPackage.h; sourceTree = "<group>"; };
		445402AA1FB3E9E400869375 /* ToolSet.cpp */ = {isa = PBXFileReference; fileEncoding = 4; lastKnownFileType = sourcecode.cpp.cpp; path = ToolSet.cpp; sourceTree = "<group>"; };
		445402AB1FB3E9E400869375 /* ToolSet.h */ = {isa = PBXFileReference; fileEncoding = 4; lastKnownFileType = sourcecode.c.h; path = ToolSet.h; sourceTree = "<group>"; };
		445402AC1FB3E9E400869375 /* UBBParser.cpp */ = {isa = PBXFileReference; fileEncoding = 4; lastKnownFileType = sourcecode.cpp.cpp; path = UBBParser.cpp; sourceTree = "<group>"; };
		445402AD1FB3E9E400869375 /* UBBParser.h */ = {isa = PBXFileReference; fileEncoding = 4; lastKnownFileType = sourcecode.c.h; path = UBBParser.h; sourceTree = "<group>"; };
		445402AE1FB3E9E400869375 /* Window.cpp */ = {isa = PBXFileReference; fileEncoding = 4; lastKnownFileType = sourcecode.cpp.cpp; path = Window.cpp; sourceTree = "<group>"; };
		445402AF1FB3E9E400869375 /* Window.h */ = {isa = PBXFileReference; fileEncoding = 4; lastKnownFileType = sourcecode.c.h; path = Window.h; sourceTree = "<group>"; };
		445402ED1FB3EDD500869375 /* libfairygui_iOS.h */ = {isa = PBXFileReference; lastKnownFileType = sourcecode.c.h; path = libfairygui_iOS.h; sourceTree = "<group>"; };
		445402EF1FB3EDD500869375 /* libfairygui_iOS.m */ = {isa = PBXFileReference; lastKnownFileType = sourcecode.c.objc; path = libfairygui_iOS.m; sourceTree = "<group>"; };
		445402F81FB3EFFA00869375 /* libfairygui Mac.a */ = {isa = PBXFileReference; explicitFileType = archive.ar; includeInIndex = 0; path = "libfairygui Mac.a"; sourceTree = BUILT_PRODUCTS_DIR; };
		445402FA1FB3EFFA00869375 /* libfairygui_MAC.hpp */ = {isa = PBXFileReference; lastKnownFileType = sourcecode.cpp.h; path = libfairygui_MAC.hpp; sourceTree = "<group>"; };
		445402FC1FB3EFFA00869375 /* libfairygui_MACPriv.hpp */ = {isa = PBXFileReference; lastKnownFileType = sourcecode.cpp.h; path = libfairygui_MACPriv.hpp; sourceTree = "<group>"; };
		445402FE1FB3EFFA00869375 /* libfairygui_MAC.cpp */ = {isa = PBXFileReference; lastKnownFileType = sourcecode.cpp.cpp; path = libfairygui_MAC.cpp; sourceTree = "<group>"; };
		44905A4A1FC2D5E600C33C88 /* WeakPtr.cpp */ = {isa = PBXFileReference; fileEncoding = 4; lastKnownFileType = sourcecode.cpp.cpp; path = WeakPtr.cpp; sourceTree = "<group>"; };
		44905A4B1FC2D5E600C33C88 /* WeakPtr.h */ = {isa = PBXFileReference; fileEncoding = 4; lastKnownFileType = sourcecode.c.h; path = WeakPtr.h; sourceTree = "<group>"; };
		44905A501FC3CCCD00C33C88 /* ChangePageAction.cpp */ = {isa = PBXFileReference; fileEncoding = 4; lastKnownFileType = sourcecode.cpp.cpp; path = ChangePageAction.cpp; sourceTree = "<group>"; };
		44905A511FC3CCCD00C33C88 /* ChangePageAction.h */ = {isa = PBXFileReference; fileEncoding = 4; lastKnownFileType = sourcecode.c.h; path = ChangePageAction.h; sourceTree = "<group>"; };
		44905A521FC3CCCD00C33C88 /* ControllerAction.cpp */ = {isa = PBXFileReference; fileEncoding = 4; lastKnownFileType = sourcecode.cpp.cpp; path = ControllerAction.cpp; sourceTree = "<group>"; };
		44905A531FC3CCCD00C33C88 /* ControllerAction.h */ = {isa = PBXFileReference; fileEncoding = 4; lastKnownFileType = sourcecode.c.h; path = ControllerAction.h; sourceTree = "<group>"; };
		44905A541FC3CCCD00C33C88 /* PlayTransitionAction.cpp */ = {isa = PBXFileReference; fileEncoding = 4; lastKnownFileType = sourcecode.cpp.cpp; path = PlayTransitionAction.cpp; sourceTree = "<group>"; };
		44905A551FC3CCCD00C33C88 /* PlayTransitionAction.h */ = {isa = PBXFileReference; fileEncoding = 4; lastKnownFileType = sourcecode.c.h; path = PlayTransitionAction.h; sourceTree = "<group>"; };
		44905A691FC4367600C33C88 /* FUIInput.cpp */ = {isa = PBXFileReference; fileEncoding = 4; lastKnownFileType = sourcecode.cpp.cpp; path = FUIInput.cpp; sourceTree = "<group>"; };
		44905A6A1FC4367600C33C88 /* FUIInput.h */ = {isa = PBXFileReference; fileEncoding = 4; lastKnownFileType = sourcecode.c.h; path = FUIInput.h; sourceTree = "<group>"; };
		44905A8A1FC574BC00C33C88 /* TreeNode.cpp */ = {isa = PBXFileReference; fileEncoding = 4; lastKnownFileType = sourcecode.cpp.cpp; path = TreeNode.cpp; sourceTree = "<group>"; };
		44905A8B1FC574BC00C33C88 /* TreeNode.h */ = {isa = PBXFileReference; fileEncoding = 4; lastKnownFileType = sourcecode.c.h; path = TreeNode.h; sourceTree = "<group>"; };
		44905A8C1FC574BC00C33C88 /* TreeView.cpp */ = {isa = PBXFileReference; fileEncoding = 4; lastKnownFileType = sourcecode.cpp.cpp; path = TreeView.cpp; sourceTree = "<group>"; };
		44905A8D1FC574BC00C33C88 /* TreeView.h */ = {isa = PBXFileReference; fileEncoding = 4; lastKnownFileType = sourcecode.c.h; path = TreeView.h; sourceTree = "<group>"; };
		44905A981FC809AA00C33C88 /* TextFormat.cpp */ = {isa = PBXFileReference; fileEncoding = 4; lastKnownFileType = sourcecode.cpp.cpp; path = TextFormat.cpp; sourceTree = "<group>"; };
		44905A991FC809AA00C33C88 /* TextFormat.h */ = {isa = PBXFileReference; fileEncoding = 4; lastKnownFileType = sourcecode.c.h; path = TextFormat.h; sourceTree = "<group>"; };
		4496998621416A9700B6412E /* EaseManager.cpp */ = {isa = PBXFileReference; fileEncoding = 4; lastKnownFileType = sourcecode.cpp.cpp; path = EaseManager.cpp; sourceTree = "<group>"; };
		4496998721416A9700B6412E /* EaseManager.h */ = {isa = PBXFileReference; fileEncoding = 4; lastKnownFileType = sourcecode.c.h; path = EaseManager.h; sourceTree = "<group>"; };
		4496998821416A9700B6412E /* EaseType.h */ = {isa = PBXFileReference; fileEncoding = 4; lastKnownFileType = sourcecode.c.h; path = EaseType.h; sourceTree = "<group>"; };
		4496998921416A9700B6412E /* GTween.cpp */ = {isa = PBXFileReference; fileEncoding = 4; lastKnownFileType = sourcecode.cpp.cpp; path = GTween.cpp; sourceTree = "<group>"; };
		4496998A21416A9700B6412E /* GTween.h */ = {isa = PBXFileReference; fileEncoding = 4; lastKnownFileType = sourcecode.c.h; path = GTween.h; sourceTree = "<group>"; };
		4496998B21416A9700B6412E /* GTweener.cpp */ = {isa = PBXFileReference; fileEncoding = 4; lastKnownFileType = sourcecode.cpp.cpp; path = GTweener.cpp; sourceTree = "<group>"; };
		4496998C21416A9700B6412E /* GTweener.h */ = {isa = PBXFileReference; fileEncoding = 4; lastKnownFileType = sourcecode.c.h; path = GTweener.h; sourceTree = "<group>"; };
		4496998D21416A9700B6412E /* TweenManager.cpp */ = {isa = PBXFileReference; fileEncoding = 4; lastKnownFileType = sourcecode.cpp.cpp; path = TweenManager.cpp; sourceTree = "<group>"; };
		4496998E21416A9700B6412E /* TweenManager.h */ = {isa = PBXFileReference; fileEncoding = 4; lastKnownFileType = sourcecode.c.h; path = TweenManager.h; sourceTree = "<group>"; };
		4496998F21416A9700B6412E /* TweenPropType.cpp */ = {isa = PBXFileReference; fileEncoding = 4; lastKnownFileType = sourcecode.cpp.cpp; path = TweenPropType.cpp; sourceTree = "<group>"; };
		4496999021416A9700B6412E /* TweenPropType.h */ = {isa = PBXFileReference; fileEncoding = 4; lastKnownFileType = sourcecode.c.h; path = TweenPropType.h; sourceTree = "<group>"; };
		4496999121416A9700B6412E /* TweenValue.cpp */ = {isa = PBXFileReference; fileEncoding = 4; lastKnownFileType = sourcecode.cpp.cpp; path = TweenValue.cpp; sourceTree = "<group>"; };
		4496999221416A9700B6412E /* TweenValue.h */ = {isa = PBXFileReference; fileEncoding = 4; lastKnownFileType = sourcecode.c.h; path = TweenValue.h; sourceTree = "<group>"; };
		449699A92141749C00B6412E /* ByteBuffer.cpp */ = {isa = PBXFileReference; fileEncoding = 4; lastKnownFileType = sourcecode.cpp.cpp; path = ByteBuffer.cpp; sourceTree = "<group>"; };
		449699AA2141749C00B6412E /* ByteBuffer.h */ = {isa = PBXFileReference; fileEncoding = 4; lastKnownFileType = sourcecode.c.h; path = ByteBuffer.h; sourceTree = "<group>"; };
		449699AE2141785900B6412E /* TranslationHelper.cpp */ = {isa = PBXFileReference; fileEncoding = 4; lastKnownFileType = sourcecode.cpp.cpp; path = TranslationHelper.cpp; sourceTree = "<group>"; };
		449699AF2141785900B6412E /* TranslationHelper.h */ = {isa = PBXFileReference; fileEncoding = 4; lastKnownFileType = sourcecode.c.h; path = TranslationHelper.h; sourceTree = "<group>"; };
/* End PBXFileReference section */

/* Begin PBXFrameworksBuildPhase section */
		4454021D1FB3E8D500869375 /* Frameworks */ = {
			isa = PBXFrameworksBuildPhase;
			buildActionMask = 2147483647;
			files = (
			);
			runOnlyForDeploymentPostprocessing = 0;
		};
		445402F51FB3EFFA00869375 /* Frameworks */ = {
			isa = PBXFrameworksBuildPhase;
			buildActionMask = 2147483647;
			files = (
			);
			runOnlyForDeploymentPostprocessing = 0;
		};
/* End PBXFrameworksBuildPhase section */

/* Begin PBXGroup section */
		445402171FB3E8D500869375 = {
			isa = PBXGroup;
			children = (
				445402381FB3E9E400869375 /* Classes */,
				445402EC1FB3EDD500869375 /* libfairygui iOS */,
				445402F91FB3EFFA00869375 /* libfairygui MAC */,
				445402211FB3E8D500869375 /* Products */,
			);
			sourceTree = "<group>";
		};
		445402211FB3E8D500869375 /* Products */ = {
			isa = PBXGroup;
			children = (
				445402201FB3E8D500869375 /* libfairygui iOS.a */,
				445402F81FB3EFFA00869375 /* libfairygui Mac.a */,
			);
			name = Products;
			sourceTree = "<group>";
		};
		445402381FB3E9E400869375 /* Classes */ = {
			isa = PBXGroup;
			children = (
				4496998521416A9700B6412E /* tween */,
				44905A891FC574BC00C33C88 /* treeview */,
				44905A4F1FC3CCCD00C33C88 /* controller_action */,
				445402391FB3E9E400869375 /* Controller.cpp */,
				4454023A1FB3E9E400869375 /* Controller.h */,
				4454023B1FB3E9E400869375 /* display */,
				445402481FB3E9E400869375 /* DragDropManager.cpp */,
				445402491FB3E9E400869375 /* DragDropManager.h */,
				4454024A1FB3E9E400869375 /* event */,
				445402561FB3E9E400869375 /* FairyGUI.h */,
				445402571FB3E9E400869375 /* FairyGUIMacros.h */,
				445402581FB3E9E400869375 /* FieldTypes.h */,
				445402591FB3E9E400869375 /* GButton.cpp */,
				4454025A1FB3E9E400869375 /* GButton.h */,
				4454025B1FB3E9E400869375 /* GComboBox.cpp */,
				4454025C1FB3E9E400869375 /* GComboBox.h */,
				449699AE2141785900B6412E /* TranslationHelper.cpp */,
				449699AF2141785900B6412E /* TranslationHelper.h */,
				4454025D1FB3E9E400869375 /* GComponent.cpp */,
				4454025E1FB3E9E400869375 /* GComponent.h */,
				4454025F1FB3E9E400869375 /* gears */,
				445402721FB3E9E400869375 /* GGraph.cpp */,
				445402731FB3E9E400869375 /* GGraph.h */,
				445402741FB3E9E400869375 /* GGroup.cpp */,
				445402751FB3E9E400869375 /* GGroup.h */,
				445402761FB3E9E400869375 /* GImage.cpp */,
				445402771FB3E9E400869375 /* GImage.h */,
				445402781FB3E9E400869375 /* GLabel.cpp */,
				445402791FB3E9E400869375 /* GLabel.h */,
				4454027A1FB3E9E400869375 /* GList.cpp */,
				4454027B1FB3E9E400869375 /* GList.h */,
				4454027C1FB3E9E400869375 /* GLoader.cpp */,
				4454027D1FB3E9E400869375 /* GLoader.h */,
				4454027E1FB3E9E400869375 /* GMovieClip.cpp */,
				4454027F1FB3E9E400869375 /* GMovieClip.h */,
				445402801FB3E9E400869375 /* GObject.cpp */,
				445402811FB3E9E400869375 /* GObject.h */,
				445402821FB3E9E400869375 /* GObjectPool.cpp */,
				445402831FB3E9E400869375 /* GObjectPool.h */,
				445402841FB3E9E400869375 /* GProgressBar.cpp */,
				445402851FB3E9E400869375 /* GProgressBar.h */,
				445402861FB3E9E400869375 /* GRichTextField.cpp */,
				445402871FB3E9E400869375 /* GRichTextField.h */,
				445402881FB3E9E400869375 /* GRoot.cpp */,
				445402891FB3E9E400869375 /* GRoot.h */,
				4454028A1FB3E9E400869375 /* GScrollBar.cpp */,
				4454028B1FB3E9E400869375 /* GScrollBar.h */,
				4454028C1FB3E9E400869375 /* GSlider.cpp */,
				4454028D1FB3E9E400869375 /* GSlider.h */,
				4454028E1FB3E9E400869375 /* GTextField.cpp */,
				4454028F1FB3E9E400869375 /* GTextField.h */,
				445402901FB3E9E400869375 /* GTextInput.cpp */,
				445402911FB3E9E400869375 /* GTextInput.h */,
				445402921FB3E9E400869375 /* Margin.cpp */,
				445402931FB3E9E400869375 /* Margin.h */,
				445402941FB3E9E400869375 /* PackageItem.cpp */,
				445402951FB3E9E400869375 /* PackageItem.h */,
				445402961FB3E9E400869375 /* PopupMenu.cpp */,
				445402971FB3E9E400869375 /* PopupMenu.h */,
				445402981FB3E9E400869375 /* RelationItem.cpp */,
				445402991FB3E9E400869375 /* RelationItem.h */,
				4454029A1FB3E9E400869375 /* Relations.cpp */,
				4454029B1FB3E9E400869375 /* Relations.h */,
				4454029C1FB3E9E400869375 /* ScrollPane.cpp */,
				4454029D1FB3E9E400869375 /* ScrollPane.h */,
				4454029E1FB3E9E400869375 /* Transition.cpp */,
				4454029F1FB3E9E400869375 /* Transition.h */,
				445402A01FB3E9E400869375 /* UIConfig.cpp */,
				445402A11FB3E9E400869375 /* UIConfig.h */,
				445402A21FB3E9E400869375 /* UIObjectFactory.cpp */,
				445402A31FB3E9E400869375 /* UIObjectFactory.h */,
				445402A41FB3E9E400869375 /* UIPackage.cpp */,
				445402A51FB3E9E400869375 /* UIPackage.h */,
				445402A61FB3E9E400869375 /* utils */,
				445402AE1FB3E9E400869375 /* Window.cpp */,
				445402AF1FB3E9E400869375 /* Window.h */,
			);
			name = Classes;
			path = ../Classes;
			sourceTree = "<group>";
		};
		4454023B1FB3E9E400869375 /* display */ = {
			isa = PBXGroup;
			children = (
				4454023E1FB3E9E400869375 /* BitmapFont.cpp */,
				4454023F1FB3E9E400869375 /* BitmapFont.h */,
				445402401FB3E9E400869375 /* FUIContainer.cpp */,
				44905A691FC4367600C33C88 /* FUIInput.cpp */,
				44905A6A1FC4367600C33C88 /* FUIInput.h */,
				44905A981FC809AA00C33C88 /* TextFormat.cpp */,
				44905A991FC809AA00C33C88 /* TextFormat.h */,
				445402411FB3E9E400869375 /* FUIContainer.h */,
				445402421FB3E9E400869375 /* FUILabel.cpp */,
				445402431FB3E9E400869375 /* FUILabel.h */,
				445402441FB3E9E400869375 /* FUIRichText.cpp */,
				445402451FB3E9E400869375 /* FUIRichText.h */,
				445402461FB3E9E400869375 /* FUISprite.cpp */,
				445402471FB3E9E400869375 /* FUISprite.h */,
			);
			path = display;
			sourceTree = "<group>";
		};
		4454024A1FB3E9E400869375 /* event */ = {
			isa = PBXGroup;
			children = (
				4454024B1FB3E9E400869375 /* EventContext.cpp */,
				4454024C1FB3E9E400869375 /* EventContext.h */,
				4454024D1FB3E9E400869375 /* HitTest.cpp */,
				4454024E1FB3E9E400869375 /* HitTest.h */,
				4454024F1FB3E9E400869375 /* InputEvent.cpp */,
				445402501FB3E9E400869375 /* InputEvent.h */,
				445402511FB3E9E400869375 /* InputProcessor.cpp */,
				445402521FB3E9E400869375 /* InputProcessor.h */,
				445402531FB3E9E400869375 /* UIEventDispatcher.cpp */,
				445402541FB3E9E400869375 /* UIEventDispatcher.h */,
				445402551FB3E9E400869375 /* UIEventType.h */,
			);
			path = event;
			sourceTree = "<group>";
		};
		4454025F1FB3E9E400869375 /* gears */ = {
			isa = PBXGroup;
			children = (
				445402601FB3E9E400869375 /* GearAnimation.cpp */,
				445402611FB3E9E400869375 /* GearAnimation.h */,
				445402621FB3E9E400869375 /* GearBase.cpp */,
				445402631FB3E9E400869375 /* GearBase.h */,
				445402641FB3E9E400869375 /* GearColor.cpp */,
				445402651FB3E9E400869375 /* GearColor.h */,
				445402661FB3E9E400869375 /* GearDisplay.cpp */,
				445402671FB3E9E400869375 /* GearDisplay.h */,
				445402681FB3E9E400869375 /* GearIcon.cpp */,
				445402691FB3E9E400869375 /* GearIcon.h */,
				4454026A1FB3E9E400869375 /* GearLook.cpp */,
				4454026B1FB3E9E400869375 /* GearLook.h */,
				4454026C1FB3E9E400869375 /* GearSize.cpp */,
				4454026D1FB3E9E400869375 /* GearSize.h */,
				4454026E1FB3E9E400869375 /* GearText.cpp */,
				4454026F1FB3E9E400869375 /* GearText.h */,
				445402701FB3E9E400869375 /* GearXY.cpp */,
				445402711FB3E9E400869375 /* GearXY.h */,
			);
			path = gears;
			sourceTree = "<group>";
		};
		445402A61FB3E9E400869375 /* utils */ = {
			isa = PBXGroup;
			children = (
				44905A4A1FC2D5E600C33C88 /* WeakPtr.cpp */,
				44905A4B1FC2D5E600C33C88 /* WeakPtr.h */,
				445402AA1FB3E9E400869375 /* ToolSet.cpp */,
				449699A92141749C00B6412E /* ByteBuffer.cpp */,
				449699AA2141749C00B6412E /* ByteBuffer.h */,
				445402AB1FB3E9E400869375 /* ToolSet.h */,
				445402AC1FB3E9E400869375 /* UBBParser.cpp */,
				445402AD1FB3E9E400869375 /* UBBParser.h */,
			);
			path = utils;
			sourceTree = "<group>";
		};
		445402EC1FB3EDD500869375 /* libfairygui iOS */ = {
			isa = PBXGroup;
			children = (
				445402ED1FB3EDD500869375 /* libfairygui_iOS.h */,
				445402EF1FB3EDD500869375 /* libfairygui_iOS.m */,
			);
			path = "libfairygui iOS";
			sourceTree = "<group>";
		};
		445402F91FB3EFFA00869375 /* libfairygui MAC */ = {
			isa = PBXGroup;
			children = (
				445402FA1FB3EFFA00869375 /* libfairygui_MAC.hpp */,
				445402FC1FB3EFFA00869375 /* libfairygui_MACPriv.hpp */,
				445402FE1FB3EFFA00869375 /* libfairygui_MAC.cpp */,
			);
			path = "libfairygui MAC";
			sourceTree = "<group>";
		};
		44905A4F1FC3CCCD00C33C88 /* controller_action */ = {
			isa = PBXGroup;
			children = (
				44905A501FC3CCCD00C33C88 /* ChangePageAction.cpp */,
				44905A511FC3CCCD00C33C88 /* ChangePageAction.h */,
				44905A521FC3CCCD00C33C88 /* ControllerAction.cpp */,
				44905A531FC3CCCD00C33C88 /* ControllerAction.h */,
				44905A541FC3CCCD00C33C88 /* PlayTransitionAction.cpp */,
				44905A551FC3CCCD00C33C88 /* PlayTransitionAction.h */,
			);
			path = controller_action;
			sourceTree = "<group>";
		};
		44905A891FC574BC00C33C88 /* treeview */ = {
			isa = PBXGroup;
			children = (
				44905A8A1FC574BC00C33C88 /* TreeNode.cpp */,
				44905A8B1FC574BC00C33C88 /* TreeNode.h */,
				44905A8C1FC574BC00C33C88 /* TreeView.cpp */,
				44905A8D1FC574BC00C33C88 /* TreeView.h */,
			);
			path = treeview;
			sourceTree = "<group>";
		};
		4496998521416A9700B6412E /* tween */ = {
			isa = PBXGroup;
			children = (
				4496998621416A9700B6412E /* EaseManager.cpp */,
				4496998721416A9700B6412E /* EaseManager.h */,
				4496998821416A9700B6412E /* EaseType.h */,
				4496998921416A9700B6412E /* GTween.cpp */,
				4496998A21416A9700B6412E /* GTween.h */,
				4496998B21416A9700B6412E /* GTweener.cpp */,
				4496998C21416A9700B6412E /* GTweener.h */,
				4496998D21416A9700B6412E /* TweenManager.cpp */,
				4496998E21416A9700B6412E /* TweenManager.h */,
				4496998F21416A9700B6412E /* TweenPropType.cpp */,
				4496999021416A9700B6412E /* TweenPropType.h */,
				4496999121416A9700B6412E /* TweenValue.cpp */,
				4496999221416A9700B6412E /* TweenValue.h */,
			);
			path = tween;
			sourceTree = "<group>";
		};
/* End PBXGroup section */

/* Begin PBXHeadersBuildPhase section */
		445402F61FB3EFFA00869375 /* Headers */ = {
			isa = PBXHeadersBuildPhase;
			buildActionMask = 2147483647;
			files = (
				4496999521416A9700B6412E /* EaseManager.h in Headers */,
				4496999C21416A9700B6412E /* GTweener.h in Headers */,
				449699AD2141749C00B6412E /* ByteBuffer.h in Headers */,
				4496999F21416A9700B6412E /* TweenManager.h in Headers */,
				449699B22141785900B6412E /* TranslationHelper.h in Headers */,
				4496999621416A9700B6412E /* EaseType.h in Headers */,
				445402FB1FB3EFFA00869375 /* libfairygui_MAC.hpp in Headers */,
				44905A9C1FC809AA00C33C88 /* TextFormat.h in Headers */,
				449699A221416A9700B6412E /* TweenPropType.h in Headers */,
				4496999921416A9700B6412E /* GTween.h in Headers */,
				449699A521416A9700B6412E /* TweenValue.h in Headers */,
				445402FD1FB3EFFA00869375 /* libfairygui_MACPriv.hpp in Headers */,
			);
			runOnlyForDeploymentPostprocessing = 0;
		};
/* End PBXHeadersBuildPhase section */

/* Begin PBXNativeTarget section */
		4454021F1FB3E8D500869375 /* libfairygui iOS */ = {
			isa = PBXNativeTarget;
			buildConfigurationList = 445402291FB3E8D500869375 /* Build configuration list for PBXNativeTarget "libfairygui iOS" */;
			buildPhases = (
				4454021C1FB3E8D500869375 /* Sources */,
				4454021D1FB3E8D500869375 /* Frameworks */,
				4454021E1FB3E8D500869375 /* CopyFiles */,
			);
			buildRules = (
			);
			dependencies = (
			);
			name = "libfairygui iOS";
			productName = libfairygui;
			productReference = 445402201FB3E8D500869375 /* libfairygui iOS.a */;
			productType = "com.apple.product-type.library.static";
		};
		445402F71FB3EFFA00869375 /* libfairygui Mac */ = {
			isa = PBXNativeTarget;
			buildConfigurationList = 445403001FB3EFFA00869375 /* Build configuration list for PBXNativeTarget "libfairygui Mac" */;
			buildPhases = (
				445402F41FB3EFFA00869375 /* Sources */,
				445402F51FB3EFFA00869375 /* Frameworks */,
				445402F61FB3EFFA00869375 /* Headers */,
			);
			buildRules = (
			);
			dependencies = (
			);
			name = "libfairygui Mac";
			productName = "libfairygui MAC";
			productReference = 445402F81FB3EFFA00869375 /* libfairygui Mac.a */;
			productType = "com.apple.product-type.library.static";
		};
/* End PBXNativeTarget section */

/* Begin PBXProject section */
		445402181FB3E8D500869375 /* Project object */ = {
			isa = PBXProject;
			attributes = {
				LastUpgradeCheck = 0730;
				TargetAttributes = {
					4454021F1FB3E8D500869375 = {
						CreatedOnToolsVersion = 7.3.1;
					};
					445402F71FB3EFFA00869375 = {
						CreatedOnToolsVersion = 7.3.1;
					};
				};
			};
			buildConfigurationList = 4454021B1FB3E8D500869375 /* Build configuration list for PBXProject "fairygui" */;
			compatibilityVersion = "Xcode 3.2";
			developmentRegion = English;
			hasScannedForEncodings = 0;
			knownRegions = (
				en,
			);
			mainGroup = 445402171FB3E8D500869375;
			productRefGroup = 445402211FB3E8D500869375 /* Products */;
			projectDirPath = "";
			projectRoot = "";
			targets = (
				4454021F1FB3E8D500869375 /* libfairygui iOS */,
				445402F71FB3EFFA00869375 /* libfairygui Mac */,
			);
		};
/* End PBXProject section */

/* Begin PBXSourcesBuildPhase section */
		4454021C1FB3E8D500869375 /* Sources */ = {
			isa = PBXSourcesBuildPhase;
			buildActionMask = 2147483647;
			files = (
				445402B41FB3E9E400869375 /* FUILabel.cpp in Sources */,
				445402C81FB3E9E400869375 /* GearXY.cpp in Sources */,
				44905A4C1FC2D5E600C33C88 /* WeakPtr.cpp in Sources */,
				445402B51FB3E9E400869375 /* FUIRichText.cpp in Sources */,
				445402E21FB3E9E400869375 /* UIPackage.cpp in Sources */,
				4496999721416A9700B6412E /* GTween.cpp in Sources */,
				4496999A21416A9700B6412E /* GTweener.cpp in Sources */,
				445402DE1FB3E9E400869375 /* ScrollPane.cpp in Sources */,
				445402B71FB3E9E400869375 /* DragDropManager.cpp in Sources */,
				445402D11FB3E9E400869375 /* GObjectPool.cpp in Sources */,
				445402C01FB3E9E400869375 /* GearAnimation.cpp in Sources */,
				44905A6B1FC4367600C33C88 /* FUIInput.cpp in Sources */,
				445402B31FB3E9E400869375 /* FUIContainer.cpp in Sources */,
				445402D81FB3E9E400869375 /* GTextInput.cpp in Sources */,
				44905A911FC574BC00C33C88 /* TreeView.cpp in Sources */,
				445402E11FB3E9E400869375 /* UIObjectFactory.cpp in Sources */,
				445402E61FB3E9E400869375 /* Window.cpp in Sources */,
				44905A591FC3CCCD00C33C88 /* ControllerAction.cpp in Sources */,
				445402C11FB3E9E400869375 /* GearBase.cpp in Sources */,
				445402DF1FB3E9E400869375 /* Transition.cpp in Sources */,
				445402D01FB3E9E400869375 /* GObject.cpp in Sources */,
				445402D61FB3E9E400869375 /* GSlider.cpp in Sources */,
				445402DA1FB3E9E400869375 /* PackageItem.cpp in Sources */,
				445402CC1FB3E9E400869375 /* GLabel.cpp in Sources */,
				445402DD1FB3E9E400869375 /* Relations.cpp in Sources */,
				445402B61FB3E9E400869375 /* FUISprite.cpp in Sources */,
				44905A8E1FC574BC00C33C88 /* TreeNode.cpp in Sources */,
				445402C51FB3E9E400869375 /* GearLook.cpp in Sources */,
				445402C21FB3E9E400869375 /* GearColor.cpp in Sources */,
				4496999321416A9700B6412E /* EaseManager.cpp in Sources */,
				445402E41FB3E9E400869375 /* ToolSet.cpp in Sources */,
				445402D41FB3E9E400869375 /* GRoot.cpp in Sources */,
				445402D71FB3E9E400869375 /* GTextField.cpp in Sources */,
				445402C71FB3E9E400869375 /* GearText.cpp in Sources */,
				445402B01FB3E9E400869375 /* Controller.cpp in Sources */,
				445402BA1FB3E9E400869375 /* InputEvent.cpp in Sources */,
				445402CF1FB3E9E400869375 /* GMovieClip.cpp in Sources */,
				445402E01FB3E9E400869375 /* UIConfig.cpp in Sources */,
				445402B81FB3E9E400869375 /* EventContext.cpp in Sources */,
				445402DB1FB3E9E400869375 /* PopupMenu.cpp in Sources */,
				445402BE1FB3E9E400869375 /* GComboBox.cpp in Sources */,
				445402BF1FB3E9E400869375 /* GComponent.cpp in Sources */,
				445402C91FB3E9E400869375 /* GGraph.cpp in Sources */,
				449699A321416A9700B6412E /* TweenValue.cpp in Sources */,
				44905A561FC3CCCD00C33C88 /* ChangePageAction.cpp in Sources */,
				445402D31FB3E9E400869375 /* GRichTextField.cpp in Sources */,
				449699B02141785900B6412E /* TranslationHelper.cpp in Sources */,
				445402CB1FB3E9E400869375 /* GImage.cpp in Sources */,
				445402C31FB3E9E400869375 /* GearDisplay.cpp in Sources */,
				445402E51FB3E9E400869375 /* UBBParser.cpp in Sources */,
				4496999D21416A9700B6412E /* TweenManager.cpp in Sources */,
				445402B91FB3E9E400869375 /* HitTest.cpp in Sources */,
				445402C41FB3E9E400869375 /* GearIcon.cpp in Sources */,
				449699A021416A9700B6412E /* TweenPropType.cpp in Sources */,
				449699AB2141749C00B6412E /* ByteBuffer.cpp in Sources */,
				445402BD1FB3E9E400869375 /* GButton.cpp in Sources */,
				445402D91FB3E9E400869375 /* Margin.cpp in Sources */,
				445402C61FB3E9E400869375 /* GearSize.cpp in Sources */,
				445402BC1FB3E9E400869375 /* UIEventDispatcher.cpp in Sources */,
				445402CA1FB3E9E400869375 /* GGroup.cpp in Sources */,
				445402D51FB3E9E400869375 /* GScrollBar.cpp in Sources */,
				44905A5C1FC3CCCD00C33C88 /* PlayTransitionAction.cpp in Sources */,
				445402D21FB3E9E400869375 /* GProgressBar.cpp in Sources */,
				445402DC1FB3E9E400869375 /* RelationItem.cpp in Sources */,
				445402CD1FB3E9E400869375 /* GList.cpp in Sources */,
				445402B21FB3E9E400869375 /* BitmapFont.cpp in Sources */,
				445402CE1FB3E9E400869375 /* GLoader.cpp in Sources */,
				445402BB1FB3E9E400869375 /* InputProcessor.cpp in Sources */,
				44905A9A1FC809AA00C33C88 /* TextFormat.cpp in Sources */,
			);
			runOnlyForDeploymentPostprocessing = 0;
		};
		445402F41FB3EFFA00869375 /* Sources */ = {
			isa = PBXSourcesBuildPhase;
			buildActionMask = 2147483647;
			files = (
				4496999B21416A9700B6412E /* GTweener.cpp in Sources */,
				445403761FB4098900869375 /* Controller.cpp in Sources */,
				44905A921FC574BC00C33C88 /* TreeView.cpp in Sources */,
				445403781FB4098900869375 /* BitmapFont.cpp in Sources */,
				445403791FB4098900869375 /* FUIContainer.cpp in Sources */,
				4454037A1FB4098900869375 /* FUILabel.cpp in Sources */,
				4454037B1FB4098900869375 /* FUIRichText.cpp in Sources */,
				4454037C1FB4098900869375 /* FUISprite.cpp in Sources */,
				4454037D1FB4098900869375 /* DragDropManager.cpp in Sources */,
				4454037E1FB4098900869375 /* EventContext.cpp in Sources */,
				4454037F1FB4098900869375 /* HitTest.cpp in Sources */,
				445403801FB4098900869375 /* InputEvent.cpp in Sources */,
				445403811FB4098900869375 /* InputProcessor.cpp in Sources */,
				44905A9B1FC809AA00C33C88 /* TextFormat.cpp in Sources */,
				445403821FB4098900869375 /* UIEventDispatcher.cpp in Sources */,
				445403831FB4098900869375 /* GButton.cpp in Sources */,
				445403841FB4098900869375 /* GComboBox.cpp in Sources */,
				445403851FB4098900869375 /* GComponent.cpp in Sources */,
				445403861FB4098900869375 /* GearAnimation.cpp in Sources */,
				449699B12141785900B6412E /* TranslationHelper.cpp in Sources */,
				445403871FB4098900869375 /* GearBase.cpp in Sources */,
				445403881FB4098900869375 /* GearColor.cpp in Sources */,
				44905A8F1FC574BC00C33C88 /* TreeNode.cpp in Sources */,
				445403891FB4098900869375 /* GearDisplay.cpp in Sources */,
				4454038A1FB4098900869375 /* GearIcon.cpp in Sources */,
				4454038B1FB4098900869375 /* GearLook.cpp in Sources */,
				4454038C1FB4098900869375 /* GearSize.cpp in Sources */,
				4454038D1FB4098900869375 /* GearText.cpp in Sources */,
				4454038E1FB4098900869375 /* GearXY.cpp in Sources */,
				4454038F1FB4098900869375 /* GGraph.cpp in Sources */,
				445403901FB4098900869375 /* GGroup.cpp in Sources */,
				44905A4D1FC2D5E600C33C88 /* WeakPtr.cpp in Sources */,
				445403911FB4098900869375 /* GImage.cpp in Sources */,
				449699AC2141749C00B6412E /* ByteBuffer.cpp in Sources */,
				445403921FB4098900869375 /* GLabel.cpp in Sources */,
				445403931FB4098900869375 /* GList.cpp in Sources */,
				445403941FB4098900869375 /* GLoader.cpp in Sources */,
				445403951FB4098900869375 /* GMovieClip.cpp in Sources */,
				445403961FB4098900869375 /* GObject.cpp in Sources */,
				445403971FB4098900869375 /* GObjectPool.cpp in Sources */,
				445403981FB4098900869375 /* GProgressBar.cpp in Sources */,
				445403991FB4098900869375 /* GRichTextField.cpp in Sources */,
				4454039A1FB4098900869375 /* GRoot.cpp in Sources */,
				4454039B1FB4098900869375 /* GScrollBar.cpp in Sources */,
				44905A5A1FC3CCCD00C33C88 /* ControllerAction.cpp in Sources */,
				44905A5D1FC3CCCD00C33C88 /* PlayTransitionAction.cpp in Sources */,
				4454039C1FB4098900869375 /* GSlider.cpp in Sources */,
				4454039D1FB4098900869375 /* GTextField.cpp in Sources */,
				4454039E1FB4098900869375 /* GTextInput.cpp in Sources */,
				449699A421416A9700B6412E /* TweenValue.cpp in Sources */,
				4454039F1FB4098900869375 /* Margin.cpp in Sources */,
				445403A01FB4098900869375 /* PackageItem.cpp in Sources */,
				4496999821416A9700B6412E /* GTween.cpp in Sources */,
				445403A11FB4098900869375 /* PopupMenu.cpp in Sources */,
				445403A21FB4098900869375 /* RelationItem.cpp in Sources */,
				445403A31FB4098900869375 /* Relations.cpp in Sources */,
				445403A41FB4098900869375 /* ScrollPane.cpp in Sources */,
				445403A51FB4098900869375 /* Transition.cpp in Sources */,
				445403A61FB4098900869375 /* UIConfig.cpp in Sources */,
				445403A71FB4098900869375 /* UIObjectFactory.cpp in Sources */,
				445403A81FB4098900869375 /* UIPackage.cpp in Sources */,
				4496999E21416A9700B6412E /* TweenManager.cpp in Sources */,
				44905A6C1FC4367600C33C88 /* FUIInput.cpp in Sources */,
				449699A121416A9700B6412E /* TweenPropType.cpp in Sources */,
				4496999421416A9700B6412E /* EaseManager.cpp in Sources */,
				445403AA1FB4098900869375 /* ToolSet.cpp in Sources */,
				445403AB1FB4098900869375 /* UBBParser.cpp in Sources */,
				445403AC1FB4098900869375 /* Window.cpp in Sources */,
				44905A571FC3CCCD00C33C88 /* ChangePageAction.cpp in Sources */,
				445402FF1FB3EFFA00869375 /* libfairygui_MAC.cpp in Sources */,
			);
			runOnlyForDeploymentPostprocessing = 0;
		};
/* End PBXSourcesBuildPhase section */

/* Begin XCBuildConfiguration section */
		445402271FB3E8D500869375 /* Debug */ = {
			isa = XCBuildConfiguration;
			buildSettings = {
				ALWAYS_SEARCH_USER_PATHS = YES;
				CLANG_ANALYZER_NONNULL = YES;
				CLANG_CXX_LANGUAGE_STANDARD = "gnu++0x";
				CLANG_CXX_LIBRARY = "libc++";
				CLANG_ENABLE_MODULES = YES;
				CLANG_ENABLE_OBJC_ARC = YES;
				CLANG_WARN_BOOL_CONVERSION = YES;
				CLANG_WARN_CONSTANT_CONVERSION = YES;
				CLANG_WARN_DIRECT_OBJC_ISA_USAGE = YES_ERROR;
				CLANG_WARN_EMPTY_BODY = YES;
				CLANG_WARN_ENUM_CONVERSION = YES;
				CLANG_WARN_INT_CONVERSION = YES;
				CLANG_WARN_OBJC_ROOT_CLASS = YES_ERROR;
				CLANG_WARN_UNREACHABLE_CODE = YES;
				CLANG_WARN__DUPLICATE_METHOD_MATCH = YES;
				"CODE_SIGN_IDENTITY[sdk=iphoneos*]" = "iPhone Developer";
				COPY_PHASE_STRIP = NO;
				DEBUG_INFORMATION_FORMAT = dwarf;
				ENABLE_STRICT_OBJC_MSGSEND = YES;
				ENABLE_TESTABILITY = YES;
				GCC_C_LANGUAGE_STANDARD = gnu99;
				GCC_DYNAMIC_NO_PIC = NO;
				GCC_NO_COMMON_BLOCKS = YES;
				GCC_OPTIMIZATION_LEVEL = 0;
				GCC_PREPROCESSOR_DEFINITIONS = (
					"DEBUG=1",
					"$(inherited)",
					"COCOS2D_DEBUG=1",
				);
				GCC_WARN_64_TO_32_BIT_CONVERSION = YES;
				GCC_WARN_ABOUT_RETURN_TYPE = YES_ERROR;
				GCC_WARN_UNDECLARED_SELECTOR = YES;
				GCC_WARN_UNINITIALIZED_AUTOS = YES_AGGRESSIVE;
				GCC_WARN_UNUSED_FUNCTION = YES;
				GCC_WARN_UNUSED_VARIABLE = YES;
				HEADER_SEARCH_PATHS = (
					"$(SRCROOT)/../../Examples/cocos2d",
					"$(SRCROOT)/../../Examples/cocos2d/cocos",
					"$(SRCROOT)/../../Examples/cocos2d/cocos/audio/include",
					"$(SRCROOT)/../../Examples/cocos2d/external",
					"$(SRCROOT)/../../Examples/cocos2d/extensions",
					"$(SRCROOT)/../../Examples/cocos2d/external/chipmunk/include/chipmunk",
					"$(SRCROOT)/../../Examples/cocos2d/external/glfw3/include/mac",
					"$(SRCROOT)/../Classes",
				);
				IPHONEOS_DEPLOYMENT_TARGET = 9.3;
				MTL_ENABLE_DEBUG_INFO = YES;
				ONLY_ACTIVE_ARCH = YES;
				SDKROOT = iphoneos;
			};
			name = Debug;
		};
		445402281FB3E8D500869375 /* Release */ = {
			isa = XCBuildConfiguration;
			buildSettings = {
				ALWAYS_SEARCH_USER_PATHS = YES;
				CLANG_ANALYZER_NONNULL = YES;
				CLANG_CXX_LANGUAGE_STANDARD = "gnu++0x";
				CLANG_CXX_LIBRARY = "libc++";
				CLANG_ENABLE_MODULES = YES;
				CLANG_ENABLE_OBJC_ARC = YES;
				CLANG_WARN_BOOL_CONVERSION = YES;
				CLANG_WARN_CONSTANT_CONVERSION = YES;
				CLANG_WARN_DIRECT_OBJC_ISA_USAGE = YES_ERROR;
				CLANG_WARN_EMPTY_BODY = YES;
				CLANG_WARN_ENUM_CONVERSION = YES;
				CLANG_WARN_INT_CONVERSION = YES;
				CLANG_WARN_OBJC_ROOT_CLASS = YES_ERROR;
				CLANG_WARN_UNREACHABLE_CODE = YES;
				CLANG_WARN__DUPLICATE_METHOD_MATCH = YES;
				"CODE_SIGN_IDENTITY[sdk=iphoneos*]" = "iPhone Developer";
				COPY_PHASE_STRIP = NO;
				DEBUG_INFORMATION_FORMAT = "dwarf-with-dsym";
				ENABLE_NS_ASSERTIONS = NO;
				ENABLE_STRICT_OBJC_MSGSEND = YES;
				GCC_C_LANGUAGE_STANDARD = gnu99;
				GCC_NO_COMMON_BLOCKS = YES;
				GCC_WARN_64_TO_32_BIT_CONVERSION = YES;
				GCC_WARN_ABOUT_RETURN_TYPE = YES_ERROR;
				GCC_WARN_UNDECLARED_SELECTOR = YES;
				GCC_WARN_UNINITIALIZED_AUTOS = YES_AGGRESSIVE;
				GCC_WARN_UNUSED_FUNCTION = YES;
				GCC_WARN_UNUSED_VARIABLE = YES;
				HEADER_SEARCH_PATHS = (
					"$(SRCROOT)/../../Examples/cocos2d",
					"$(SRCROOT)/../../Examples/cocos2d/cocos",
					"$(SRCROOT)/../../Examples/cocos2d/cocos/audio/include",
					"$(SRCROOT)/../../Examples/cocos2d/external",
					"$(SRCROOT)/../../Examples/cocos2d/extensions",
					"$(SRCROOT)/../../Examples/cocos2d/external/chipmunk/include/chipmunk",
					"$(SRCROOT)/../../Examples/cocos2d/external/glfw3/include/mac",
					"$(SRCROOT)/../Classes",
				);
				IPHONEOS_DEPLOYMENT_TARGET = 9.3;
				MTL_ENABLE_DEBUG_INFO = NO;
				SDKROOT = iphoneos;
				VALIDATE_PRODUCT = YES;
			};
			name = Release;
		};
		4454022A1FB3E8D500869375 /* Debug */ = {
			isa = XCBuildConfiguration;
			buildSettings = {
				EXECUTABLE_PREFIX = "";
				OTHER_LDFLAGS = "-ObjC";
				PRODUCT_NAME = "libfairygui iOS";
				SKIP_INSTALL = YES;
			};
			name = Debug;
		};
		4454022B1FB3E8D500869375 /* Release */ = {
			isa = XCBuildConfiguration;
			buildSettings = {
				EXECUTABLE_PREFIX = "";
				OTHER_LDFLAGS = "-ObjC";
				PRODUCT_NAME = "libfairygui iOS";
				SKIP_INSTALL = YES;
			};
			name = Release;
		};
		445403011FB3EFFA00869375 /* Debug */ = {
			isa = XCBuildConfiguration;
			buildSettings = {
				CODE_SIGN_IDENTITY = "-";
				EXECUTABLE_PREFIX = "";
				GCC_ENABLE_CPP_EXCEPTIONS = YES;
				GCC_ENABLE_CPP_RTTI = YES;
				MACOSX_DEPLOYMENT_TARGET = 10.11;
				PRODUCT_NAME = "$(TARGET_NAME)";
				SDKROOT = macosx;
			};
			name = Debug;
		};
		445403021FB3EFFA00869375 /* Release */ = {
			isa = XCBuildConfiguration;
			buildSettings = {
				CODE_SIGN_IDENTITY = "-";
				EXECUTABLE_PREFIX = "";
				GCC_ENABLE_CPP_EXCEPTIONS = YES;
				GCC_ENABLE_CPP_RTTI = YES;
				MACOSX_DEPLOYMENT_TARGET = 10.11;
				PRODUCT_NAME = "$(TARGET_NAME)";
				SDKROOT = macosx;
			};
			name = Release;
		};
/* End XCBuildConfiguration section */

/* Begin XCConfigurationList section */
		4454021B1FB3E8D500869375 /* Build configuration list for PBXProject "fairygui" */ = {
			isa = XCConfigurationList;
			buildConfigurations = (
				445402271FB3E8D500869375 /* Debug */,
				445402281FB3E8D500869375 /* Release */,
			);
			defaultConfigurationIsVisible = 0;
			defaultConfigurationName = Release;
		};
		445402291FB3E8D500869375 /* Build configuration list for PBXNativeTarget "libfairygui iOS" */ = {
			isa = XCConfigurationList;
			buildConfigurations = (
				4454022A1FB3E8D500869375 /* Debug */,
				4454022B1FB3E8D500869375 /* Release */,
			);
			defaultConfigurationIsVisible = 0;
			defaultConfigurationName = Release;
		};
		445403001FB3EFFA00869375 /* Build configuration list for PBXNativeTarget "libfairygui Mac" */ = {
			isa = XCConfigurationList;
			buildConfigurations = (
				445403011FB3EFFA00869375 /* Debug */,
				445403021FB3EFFA00869375 /* Release */,
			);
			defaultConfigurationIsVisible = 0;
			defaultConfigurationName = Release;
		};
/* End XCConfigurationList section */
	};
	rootObject = 445402181FB3E8D500869375 /* Project object */;
}
